// !$*UTF8*$!
{
	archiveVersion = 1;
	classes = {
	};
	objectVersion = 46;
	objects = {

/* Begin PBXBuildFile section */
		9C2DEFBD19631530005C6F56 /* TestRefurbishView.m in Sources */ = {isa = PBXBuildFile; fileRef = 9C2DEFBC19631530005C6F56 /* TestRefurbishView.m */; };
		9C2DEFC41963C487005C6F56 /* TestYJLRefView.m in Sources */ = {isa = PBXBuildFile; fileRef = 9C2DEFC31963C487005C6F56 /* TestYJLRefView.m */; };
		9C300697196539C500A95B4C /* YJLOptionView.m in Sources */ = {isa = PBXBuildFile; fileRef = 9C300696196539C500A95B4C /* YJLOptionView.m */; };
		9C300698196539C500A95B4C /* YJLOptionView.m in Sources */ = {isa = PBXBuildFile; fileRef = 9C300696196539C500A95B4C /* YJLOptionView.m */; };
		9C30069D196540A200A95B4C /* YJLQuestionView.m in Sources */ = {isa = PBXBuildFile; fileRef = 9C30069C196540A200A95B4C /* YJLQuestionView.m */; };
		9C30069E196540A200A95B4C /* YJLQuestionView.m in Sources */ = {isa = PBXBuildFile; fileRef = 9C30069C196540A200A95B4C /* YJLQuestionView.m */; };
		9C4F3659197BC11D00C4B403 /* TestYJLADControl.m in Sources */ = {isa = PBXBuildFile; fileRef = 9C4F3658197BC11D00C4B403 /* TestYJLADControl.m */; };
		9C988CC0199A5513008F82E3 /* btn_segment1_default.png in Resources */ = {isa = PBXBuildFile; fileRef = 9C988CB2199A5513008F82E3 /* btn_segment1_default.png */; };
		9C988CC1199A5513008F82E3 /* btn_segment1_select.png in Resources */ = {isa = PBXBuildFile; fileRef = 9C988CB3199A5513008F82E3 /* btn_segment1_select.png */; };
		9C988CC2199A5513008F82E3 /* btn_segment2_default.png in Resources */ = {isa = PBXBuildFile; fileRef = 9C988CB4199A5513008F82E3 /* btn_segment2_default.png */; };
		9C988CC3199A5513008F82E3 /* btn_segment2_select.png in Resources */ = {isa = PBXBuildFile; fileRef = 9C988CB5199A5513008F82E3 /* btn_segment2_select.png */; };
		9C988CC4199A5513008F82E3 /* btn_segment3_default.png in Resources */ = {isa = PBXBuildFile; fileRef = 9C988CB6199A5513008F82E3 /* btn_segment3_default.png */; };
		9C988CC5199A5513008F82E3 /* btn_segment3_select.png in Resources */ = {isa = PBXBuildFile; fileRef = 9C988CB7199A5513008F82E3 /* btn_segment3_select.png */; };
		9C988CC6199A5513008F82E3 /* pic_tab1_default.png in Resources */ = {isa = PBXBuildFile; fileRef = 9C988CB8199A5513008F82E3 /* pic_tab1_default.png */; };
		9C988CC7199A5513008F82E3 /* pic_tab1_select.png in Resources */ = {isa = PBXBuildFile; fileRef = 9C988CB9199A5513008F82E3 /* pic_tab1_select.png */; };
		9C988CC8199A5513008F82E3 /* pic_tab2_default.png in Resources */ = {isa = PBXBuildFile; fileRef = 9C988CBA199A5513008F82E3 /* pic_tab2_default.png */; };
		9C988CC9199A5513008F82E3 /* pic_tab2_select.png in Resources */ = {isa = PBXBuildFile; fileRef = 9C988CBB199A5513008F82E3 /* pic_tab2_select.png */; };
		9C988CCA199A5513008F82E3 /* pic_tab3_default.png in Resources */ = {isa = PBXBuildFile; fileRef = 9C988CBC199A5513008F82E3 /* pic_tab3_default.png */; };
		9C988CCB199A5513008F82E3 /* pic_tab3_select.png in Resources */ = {isa = PBXBuildFile; fileRef = 9C988CBD199A5513008F82E3 /* pic_tab3_select.png */; };
		9C988CCC199A5513008F82E3 /* pic_tab4_default.png in Resources */ = {isa = PBXBuildFile; fileRef = 9C988CBE199A5513008F82E3 /* pic_tab4_default.png */; };
		9C988CCD199A5513008F82E3 /* pic_tab4_select.png in Resources */ = {isa = PBXBuildFile; fileRef = 9C988CBF199A5513008F82E3 /* pic_tab4_select.png */; };
		9C988CD0199A553A008F82E3 /* TestSegViewController.m in Sources */ = {isa = PBXBuildFile; fileRef = 9C988CCF199A553A008F82E3 /* TestSegViewController.m */; };
		9CC51A0A196277EB000877FA /* TestProgressViewViewController.m in Sources */ = {isa = PBXBuildFile; fileRef = 9CC51A09196277EB000877FA /* TestProgressViewViewController.m */; };
		B2012A3D19388D3D005D52F7 /* readme.txt in Resources */ = {isa = PBXBuildFile; fileRef = B2012A3C19388D3D005D52F7 /* readme.txt */; };
		B21FA2FA19386EEE00E8465D /* Foundation.framework in Frameworks */ = {isa = PBXBuildFile; fileRef = B21FA2F919386EEE00E8465D /* Foundation.framework */; };
		B21FA2FC19386EEE00E8465D /* CoreGraphics.framework in Frameworks */ = {isa = PBXBuildFile; fileRef = B21FA2FB19386EEE00E8465D /* CoreGraphics.framework */; };
		B21FA2FE19386EEE00E8465D /* UIKit.framework in Frameworks */ = {isa = PBXBuildFile; fileRef = B21FA2FD19386EEE00E8465D /* UIKit.framework */; };
		B21FA30419386EEE00E8465D /* InfoPlist.strings in Resources */ = {isa = PBXBuildFile; fileRef = B21FA30219386EEE00E8465D /* InfoPlist.strings */; };
		B21FA30619386EEE00E8465D /* main.m in Sources */ = {isa = PBXBuildFile; fileRef = B21FA30519386EEE00E8465D /* main.m */; };
		B21FA30A19386EEE00E8465D /* AppDelegate.m in Sources */ = {isa = PBXBuildFile; fileRef = B21FA30919386EEE00E8465D /* AppDelegate.m */; };
		B21FA31019386EEE00E8465D /* ViewController.m in Sources */ = {isa = PBXBuildFile; fileRef = B21FA30F19386EEE00E8465D /* ViewController.m */; };
		B21FA31219386EEE00E8465D /* Images.xcassets in Resources */ = {isa = PBXBuildFile; fileRef = B21FA31119386EEE00E8465D /* Images.xcassets */; };
		B21FA31919386EEE00E8465D /* XCTest.framework in Frameworks */ = {isa = PBXBuildFile; fileRef = B21FA31819386EEE00E8465D /* XCTest.framework */; };
		B21FA31A19386EEE00E8465D /* Foundation.framework in Frameworks */ = {isa = PBXBuildFile; fileRef = B21FA2F919386EEE00E8465D /* Foundation.framework */; };
		B21FA31B19386EEE00E8465D /* UIKit.framework in Frameworks */ = {isa = PBXBuildFile; fileRef = B21FA2FD19386EEE00E8465D /* UIKit.framework */; };
		B21FA32319386EEE00E8465D /* InfoPlist.strings in Resources */ = {isa = PBXBuildFile; fileRef = B21FA32119386EEE00E8465D /* InfoPlist.strings */; };
		B21FA32519386EEE00E8465D /* testYJLUIKitTests.m in Sources */ = {isa = PBXBuildFile; fileRef = B21FA32419386EEE00E8465D /* testYJLUIKitTests.m */; };
		B21FA33319386F0000E8465D /* Foundation.framework in Frameworks */ = {isa = PBXBuildFile; fileRef = B21FA2F919386EEE00E8465D /* Foundation.framework */; };
		B21FA34019386F0100E8465D /* XCTest.framework in Frameworks */ = {isa = PBXBuildFile; fileRef = B21FA31819386EEE00E8465D /* XCTest.framework */; };
		B21FA34119386F0100E8465D /* Foundation.framework in Frameworks */ = {isa = PBXBuildFile; fileRef = B21FA2F919386EEE00E8465D /* Foundation.framework */; };
		B21FA34219386F0100E8465D /* UIKit.framework in Frameworks */ = {isa = PBXBuildFile; fileRef = B21FA2FD19386EEE00E8465D /* UIKit.framework */; };
		B21FA34519386F0100E8465D /* libYJLUIKit.a in Frameworks */ = {isa = PBXBuildFile; fileRef = B21FA33219386F0000E8465D /* libYJLUIKit.a */; };
		B21FA34B19386F0100E8465D /* InfoPlist.strings in Resources */ = {isa = PBXBuildFile; fileRef = B21FA34919386F0100E8465D /* InfoPlist.strings */; };
		B21FA34D19386F0100E8465D /* YJLUIKitTests.m in Sources */ = {isa = PBXBuildFile; fileRef = B21FA34C19386F0100E8465D /* YJLUIKitTests.m */; };
		B2ABD88B194ADB1500EF2EC6 /* Foundation.framework in Frameworks */ = {isa = PBXBuildFile; fileRef = B21FA2F919386EEE00E8465D /* Foundation.framework */; };
		B2ABD890194ADB1500EF2EC6 /* YJLExam.h in CopyFiles */ = {isa = PBXBuildFile; fileRef = B2ABD88F194ADB1500EF2EC6 /* YJLExam.h */; };
		B2ABD892194ADB1500EF2EC6 /* YJLExam.m in Sources */ = {isa = PBXBuildFile; fileRef = B2ABD891194ADB1500EF2EC6 /* YJLExam.m */; };
		B2ABD898194ADB1500EF2EC6 /* XCTest.framework in Frameworks */ = {isa = PBXBuildFile; fileRef = B21FA31819386EEE00E8465D /* XCTest.framework */; };
		B2ABD899194ADB1500EF2EC6 /* Foundation.framework in Frameworks */ = {isa = PBXBuildFile; fileRef = B21FA2F919386EEE00E8465D /* Foundation.framework */; };
		B2ABD89A194ADB1500EF2EC6 /* UIKit.framework in Frameworks */ = {isa = PBXBuildFile; fileRef = B21FA2FD19386EEE00E8465D /* UIKit.framework */; };
		B2ABD89D194ADB1500EF2EC6 /* libYJLExam.a in Frameworks */ = {isa = PBXBuildFile; fileRef = B2ABD88A194ADB1500EF2EC6 /* libYJLExam.a */; };
		B2ABD8A3194ADB1500EF2EC6 /* InfoPlist.strings in Resources */ = {isa = PBXBuildFile; fileRef = B2ABD8A1194ADB1500EF2EC6 /* InfoPlist.strings */; };
		B2ABD8A5194ADB1500EF2EC6 /* YJLExamTests.m in Sources */ = {isa = PBXBuildFile; fileRef = B2ABD8A4194ADB1500EF2EC6 /* YJLExamTests.m */; };
		B2ABD8AE194ADB7E00EF2EC6 /* YJLQuestion.m in Sources */ = {isa = PBXBuildFile; fileRef = B2ABD8AD194ADB7E00EF2EC6 /* YJLQuestion.m */; };
		B2ABD8AF194ADB7E00EF2EC6 /* YJLQuestion.m in Sources */ = {isa = PBXBuildFile; fileRef = B2ABD8AD194ADB7E00EF2EC6 /* YJLQuestion.m */; };
		B2ABD8B2194ADD0E00EF2EC6 /* YJLQuestionHandle.m in Sources */ = {isa = PBXBuildFile; fileRef = B2ABD8B1194ADD0E00EF2EC6 /* YJLQuestionHandle.m */; };
		B2ABD8B3194ADD0E00EF2EC6 /* YJLQuestionHandle.m in Sources */ = {isa = PBXBuildFile; fileRef = B2ABD8B1194ADD0E00EF2EC6 /* YJLQuestionHandle.m */; };
		B2FAC52B195C16810022C4C9 /* TestSelectViewViewController.m in Sources */ = {isa = PBXBuildFile; fileRef = B2FAC52A195C16810022C4C9 /* TestSelectViewViewController.m */; };
		CE4EBE5919E2DFF300D9B34A /* QMLSliderViewController.m in Sources */ = {isa = PBXBuildFile; fileRef = CE4EBE5819E2DFF300D9B34A /* QMLSliderViewController.m */; };
		CE4EBE6D19E2EC9000D9B34A /* btn_brightness_default.png in Resources */ = {isa = PBXBuildFile; fileRef = CE4EBE6B19E2EC9000D9B34A /* btn_brightness_default.png */; };
		CE4EBE6E19E2EC9000D9B34A /* btn_brightness_select.png in Resources */ = {isa = PBXBuildFile; fileRef = CE4EBE6C19E2EC9000D9B34A /* btn_brightness_select.png */; };
		CE5D809819F7ED28003EDE27 /* YJLProgreeView.qml in Resources */ = {isa = PBXBuildFile; fileRef = CE5D809719F7ED28003EDE27 /* YJLProgreeView.qml */; };
		CE6EA22A19F75749008D2105 /* QMLItem.qml in Resources */ = {isa = PBXBuildFile; fileRef = CE6EA22919F75749008D2105 /* QMLItem.qml */; };
		CEBED37719C2D535000F7905 /* TestNetLayerViewController.m in Sources */ = {isa = PBXBuildFile; fileRef = CEBED37619C2D535000F7905 /* TestNetLayerViewController.m */; };
		CEE68A2A1A0F6ACF00C081C2 /* YJLADControl.m in Sources */ = {isa = PBXBuildFile; fileRef = CEE689F01A0F6ACF00C081C2 /* YJLADControl.m */; };
		CEE68A2B1A0F6ACF00C081C2 /* YJLADControl.m in Sources */ = {isa = PBXBuildFile; fileRef = CEE689F01A0F6ACF00C081C2 /* YJLADControl.m */; };
		CEE68A2C1A0F6ACF00C081C2 /* QMLShapeLayer.m in Sources */ = {isa = PBXBuildFile; fileRef = CEE689F31A0F6ACF00C081C2 /* QMLShapeLayer.m */; };
		CEE68A2D1A0F6ACF00C081C2 /* QMLShapeLayer.m in Sources */ = {isa = PBXBuildFile; fileRef = CEE689F31A0F6ACF00C081C2 /* QMLShapeLayer.m */; };
		CEE68A2E1A0F6ACF00C081C2 /* YJLImageView.m in Sources */ = {isa = PBXBuildFile; fileRef = CEE689F51A0F6ACF00C081C2 /* YJLImageView.m */; };
		CEE68A2F1A0F6ACF00C081C2 /* YJLImageView.m in Sources */ = {isa = PBXBuildFile; fileRef = CEE689F51A0F6ACF00C081C2 /* YJLImageView.m */; };
		CEE68A301A0F6ACF00C081C2 /* YJLObject.m in Sources */ = {isa = PBXBuildFile; fileRef = CEE689F71A0F6ACF00C081C2 /* YJLObject.m */; };
		CEE68A311A0F6ACF00C081C2 /* YJLObject.m in Sources */ = {isa = PBXBuildFile; fileRef = CEE689F71A0F6ACF00C081C2 /* YJLObject.m */; };
		CEE68A321A0F6ACF00C081C2 /* YJLView.m in Sources */ = {isa = PBXBuildFile; fileRef = CEE689F91A0F6ACF00C081C2 /* YJLView.m */; };
		CEE68A331A0F6ACF00C081C2 /* YJLView.m in Sources */ = {isa = PBXBuildFile; fileRef = CEE689F91A0F6ACF00C081C2 /* YJLView.m */; };
		CEE68A341A0F6ACF00C081C2 /* YJLViewController.m in Sources */ = {isa = PBXBuildFile; fileRef = CEE689FB1A0F6ACF00C081C2 /* YJLViewController.m */; };
		CEE68A351A0F6ACF00C081C2 /* YJLViewController.m in Sources */ = {isa = PBXBuildFile; fileRef = CEE689FB1A0F6ACF00C081C2 /* YJLViewController.m */; };
		CEE68A361A0F6ACF00C081C2 /* YJLContentView.m in Sources */ = {isa = PBXBuildFile; fileRef = CEE689FE1A0F6ACF00C081C2 /* YJLContentView.m */; };
		CEE68A371A0F6ACF00C081C2 /* YJLContentView.m in Sources */ = {isa = PBXBuildFile; fileRef = CEE689FE1A0F6ACF00C081C2 /* YJLContentView.m */; };
		CEE68A381A0F6ACF00C081C2 /* QMLStatusImageView.m in Sources */ = {isa = PBXBuildFile; fileRef = CEE68A011A0F6ACF00C081C2 /* QMLStatusImageView.m */; };
		CEE68A391A0F6ACF00C081C2 /* QMLStatusImageView.m in Sources */ = {isa = PBXBuildFile; fileRef = CEE68A011A0F6ACF00C081C2 /* QMLStatusImageView.m */; };
		CEE68A3A1A0F6ACF00C081C2 /* QMLTouchImageView.m in Sources */ = {isa = PBXBuildFile; fileRef = CEE68A031A0F6ACF00C081C2 /* QMLTouchImageView.m */; };
		CEE68A3B1A0F6ACF00C081C2 /* QMLTouchImageView.m in Sources */ = {isa = PBXBuildFile; fileRef = CEE68A031A0F6ACF00C081C2 /* QMLTouchImageView.m */; };
		CEE68A3C1A0F6ACF00C081C2 /* YJLDrawLabel.m in Sources */ = {isa = PBXBuildFile; fileRef = CEE68A061A0F6ACF00C081C2 /* YJLDrawLabel.m */; };
		CEE68A3D1A0F6ACF00C081C2 /* YJLDrawLabel.m in Sources */ = {isa = PBXBuildFile; fileRef = CEE68A061A0F6ACF00C081C2 /* YJLDrawLabel.m */; };
		CEE68A3E1A0F6ACF00C081C2 /* YJLScrollLabel.m in Sources */ = {isa = PBXBuildFile; fileRef = CEE68A081A0F6ACF00C081C2 /* YJLScrollLabel.m */; };
		CEE68A3F1A0F6ACF00C081C2 /* YJLScrollLabel.m in Sources */ = {isa = PBXBuildFile; fileRef = CEE68A081A0F6ACF00C081C2 /* YJLScrollLabel.m */; };
		CEE68A401A0F6ACF00C081C2 /* QMLNetGraphicsLayer.m in Sources */ = {isa = PBXBuildFile; fileRef = CEE68A0B1A0F6ACF00C081C2 /* QMLNetGraphicsLayer.m */; };
		CEE68A411A0F6ACF00C081C2 /* QMLNetGraphicsLayer.m in Sources */ = {isa = PBXBuildFile; fileRef = CEE68A0B1A0F6ACF00C081C2 /* QMLNetGraphicsLayer.m */; };
		CEE68A421A0F6ACF00C081C2 /* QMLLayoutFunction.m in Sources */ = {isa = PBXBuildFile; fileRef = CEE68A0E1A0F6ACF00C081C2 /* QMLLayoutFunction.m */; };
		CEE68A431A0F6ACF00C081C2 /* QMLLayoutFunction.m in Sources */ = {isa = PBXBuildFile; fileRef = CEE68A0E1A0F6ACF00C081C2 /* QMLLayoutFunction.m */; };
		CEE68A441A0F6ACF00C081C2 /* YJLTextObj.m in Sources */ = {isa = PBXBuildFile; fileRef = CEE68A121A0F6ACF00C081C2 /* YJLTextObj.m */; };
		CEE68A451A0F6ACF00C081C2 /* YJLTextObj.m in Sources */ = {isa = PBXBuildFile; fileRef = CEE68A121A0F6ACF00C081C2 /* YJLTextObj.m */; };
		CEE68A461A0F6ACF00C081C2 /* YJLProgreeView.m in Sources */ = {isa = PBXBuildFile; fileRef = CEE68A151A0F6ACF00C081C2 /* YJLProgreeView.m */; };
		CEE68A471A0F6ACF00C081C2 /* YJLProgreeView.m in Sources */ = {isa = PBXBuildFile; fileRef = CEE68A151A0F6ACF00C081C2 /* YJLProgreeView.m */; };
		CEE68A481A0F6ACF00C081C2 /* YJLRefurbishView.m in Sources */ = {isa = PBXBuildFile; fileRef = CEE68A181A0F6ACF00C081C2 /* YJLRefurbishView.m */; };
		CEE68A491A0F6ACF00C081C2 /* YJLRefurbishView.m in Sources */ = {isa = PBXBuildFile; fileRef = CEE68A181A0F6ACF00C081C2 /* YJLRefurbishView.m */; };
		CEE68A4A1A0F6ACF00C081C2 /* YJLRefView.m in Sources */ = {isa = PBXBuildFile; fileRef = CEE68A1A1A0F6ACF00C081C2 /* YJLRefView.m */; };
		CEE68A4B1A0F6ACF00C081C2 /* YJLRefView.m in Sources */ = {isa = PBXBuildFile; fileRef = CEE68A1A1A0F6ACF00C081C2 /* YJLRefView.m */; };
		CEE68A4C1A0F6ACF00C081C2 /* QMLSegItem.m in Sources */ = {isa = PBXBuildFile; fileRef = CEE68A1D1A0F6ACF00C081C2 /* QMLSegItem.m */; };
		CEE68A4D1A0F6ACF00C081C2 /* QMLSegItem.m in Sources */ = {isa = PBXBuildFile; fileRef = CEE68A1D1A0F6ACF00C081C2 /* QMLSegItem.m */; };
		CEE68A4E1A0F6ACF00C081C2 /* QMLSegmentControl.m in Sources */ = {isa = PBXBuildFile; fileRef = CEE68A1F1A0F6ACF00C081C2 /* QMLSegmentControl.m */; };
		CEE68A4F1A0F6ACF00C081C2 /* QMLSegmentControl.m in Sources */ = {isa = PBXBuildFile; fileRef = CEE68A1F1A0F6ACF00C081C2 /* QMLSegmentControl.m */; };
		CEE68A501A0F6ACF00C081C2 /* YJLSelectView.m in Sources */ = {isa = PBXBuildFile; fileRef = CEE68A221A0F6ACF00C081C2 /* YJLSelectView.m */; };
		CEE68A511A0F6ACF00C081C2 /* YJLSelectView.m in Sources */ = {isa = PBXBuildFile; fileRef = CEE68A221A0F6ACF00C081C2 /* YJLSelectView.m */; };
		CEE68A521A0F6ACF00C081C2 /* QMLSlider.m in Sources */ = {isa = PBXBuildFile; fileRef = CEE68A251A0F6ACF00C081C2 /* QMLSlider.m */; };
		CEE68A531A0F6ACF00C081C2 /* QMLSlider.m in Sources */ = {isa = PBXBuildFile; fileRef = CEE68A251A0F6ACF00C081C2 /* QMLSlider.m */; };
		CEE68A541A0F6ACF00C081C2 /* YJLUIKit.m in Sources */ = {isa = PBXBuildFile; fileRef = CEE68A291A0F6ACF00C081C2 /* YJLUIKit.m */; };
		CEE68A551A0F6ACF00C081C2 /* YJLUIKit.m in Sources */ = {isa = PBXBuildFile; fileRef = CEE68A291A0F6ACF00C081C2 /* YJLUIKit.m */; };
/* End PBXBuildFile section */

/* Begin PBXContainerItemProxy section */
		B21FA31C19386EEE00E8465D /* PBXContainerItemProxy */ = {
			isa = PBXContainerItemProxy;
			containerPortal = B21FA2EE19386EEE00E8465D /* Project object */;
			proxyType = 1;
			remoteGlobalIDString = B21FA2F519386EEE00E8465D;
			remoteInfo = testYJLUIKit;
		};
		B21FA34319386F0100E8465D /* PBXContainerItemProxy */ = {
			isa = PBXContainerItemProxy;
			containerPortal = B21FA2EE19386EEE00E8465D /* Project object */;
			proxyType = 1;
			remoteGlobalIDString = B21FA33119386F0000E8465D;
			remoteInfo = YJLUIKit;
		};
		B2ABD89B194ADB1500EF2EC6 /* PBXContainerItemProxy */ = {
			isa = PBXContainerItemProxy;
			containerPortal = B21FA2EE19386EEE00E8465D /* Project object */;
			proxyType = 1;
			remoteGlobalIDString = B2ABD889194ADB1500EF2EC6;
			remoteInfo = YJLExam;
		};
/* End PBXContainerItemProxy section */

/* Begin PBXCopyFilesBuildPhase section */
		B21FA33019386F0000E8465D /* CopyFiles */ = {
			isa = PBXCopyFilesBuildPhase;
			buildActionMask = 2147483647;
			dstPath = "include/$(PRODUCT_NAME)";
			dstSubfolderSpec = 16;
			files = (
			);
			runOnlyForDeploymentPostprocessing = 0;
		};
		B2ABD888194ADB1500EF2EC6 /* CopyFiles */ = {
			isa = PBXCopyFilesBuildPhase;
			buildActionMask = 2147483647;
			dstPath = "include/$(PRODUCT_NAME)";
			dstSubfolderSpec = 16;
			files = (
				B2ABD890194ADB1500EF2EC6 /* YJLExam.h in CopyFiles */,
			);
			runOnlyForDeploymentPostprocessing = 0;
		};
/* End PBXCopyFilesBuildPhase section */

/* Begin PBXFileReference section */
		9C2DEFBB19631530005C6F56 /* TestRefurbishView.h */ = {isa = PBXFileReference; fileEncoding = 4; lastKnownFileType = sourcecode.c.h; path = TestRefurbishView.h; sourceTree = "<group>"; };
		9C2DEFBC19631530005C6F56 /* TestRefurbishView.m */ = {isa = PBXFileReference; fileEncoding = 4; lastKnownFileType = sourcecode.c.objc; path = TestRefurbishView.m; sourceTree = "<group>"; };
		9C2DEFC21963C487005C6F56 /* TestYJLRefView.h */ = {isa = PBXFileReference; fileEncoding = 4; lastKnownFileType = sourcecode.c.h; path = TestYJLRefView.h; sourceTree = "<group>"; };
		9C2DEFC31963C487005C6F56 /* TestYJLRefView.m */ = {isa = PBXFileReference; fileEncoding = 4; lastKnownFileType = sourcecode.c.objc; path = TestYJLRefView.m; sourceTree = "<group>"; };
		9C300695196539C500A95B4C /* YJLOptionView.h */ = {isa = PBXFileReference; fileEncoding = 4; lastKnownFileType = sourcecode.c.h; path = YJLOptionView.h; sourceTree = "<group>"; };
		9C300696196539C500A95B4C /* YJLOptionView.m */ = {isa = PBXFileReference; fileEncoding = 4; lastKnownFileType = sourcecode.c.objc; path = YJLOptionView.m; sourceTree = "<group>"; };
		9C3006991965405100A95B4C /* option_btn_default.png */ = {isa = PBXFileReference; lastKnownFileType = image.png; path = option_btn_default.png; sourceTree = "<group>"; };
		9C30069A1965405100A95B4C /* option_btn_selected.png */ = {isa = PBXFileReference; lastKnownFileType = image.png; path = option_btn_selected.png; sourceTree = "<group>"; };
		9C30069B196540A200A95B4C /* YJLQuestionView.h */ = {isa = PBXFileReference; fileEncoding = 4; lastKnownFileType = sourcecode.c.h; path = YJLQuestionView.h; sourceTree = "<group>"; };
		9C30069C196540A200A95B4C /* YJLQuestionView.m */ = {isa = PBXFileReference; fileEncoding = 4; lastKnownFileType = sourcecode.c.objc; path = YJLQuestionView.m; sourceTree = "<group>"; };
		9C4F3657197BC11D00C4B403 /* TestYJLADControl.h */ = {isa = PBXFileReference; fileEncoding = 4; lastKnownFileType = sourcecode.c.h; path = TestYJLADControl.h; sourceTree = "<group>"; };
		9C4F3658197BC11D00C4B403 /* TestYJLADControl.m */ = {isa = PBXFileReference; fileEncoding = 4; lastKnownFileType = sourcecode.c.objc; path = TestYJLADControl.m; sourceTree = "<group>"; };
		9C988CB2199A5513008F82E3 /* btn_segment1_default.png */ = {isa = PBXFileReference; lastKnownFileType = image.png; path = btn_segment1_default.png; sourceTree = "<group>"; };
		9C988CB3199A5513008F82E3 /* btn_segment1_select.png */ = {isa = PBXFileReference; lastKnownFileType = image.png; path = btn_segment1_select.png; sourceTree = "<group>"; };
		9C988CB4199A5513008F82E3 /* btn_segment2_default.png */ = {isa = PBXFileReference; lastKnownFileType = image.png; path = btn_segment2_default.png; sourceTree = "<group>"; };
		9C988CB5199A5513008F82E3 /* btn_segment2_select.png */ = {isa = PBXFileReference; lastKnownFileType = image.png; path = btn_segment2_select.png; sourceTree = "<group>"; };
		9C988CB6199A5513008F82E3 /* btn_segment3_default.png */ = {isa = PBXFileReference; lastKnownFileType = image.png; path = btn_segment3_default.png; sourceTree = "<group>"; };
		9C988CB7199A5513008F82E3 /* btn_segment3_select.png */ = {isa = PBXFileReference; lastKnownFileType = image.png; path = btn_segment3_select.png; sourceTree = "<group>"; };
		9C988CB8199A5513008F82E3 /* pic_tab1_default.png */ = {isa = PBXFileReference; lastKnownFileType = image.png; path = pic_tab1_default.png; sourceTree = "<group>"; };
		9C988CB9199A5513008F82E3 /* pic_tab1_select.png */ = {isa = PBXFileReference; lastKnownFileType = image.png; path = pic_tab1_select.png; sourceTree = "<group>"; };
		9C988CBA199A5513008F82E3 /* pic_tab2_default.png */ = {isa = PBXFileReference; lastKnownFileType = image.png; path = pic_tab2_default.png; sourceTree = "<group>"; };
		9C988CBB199A5513008F82E3 /* pic_tab2_select.png */ = {isa = PBXFileReference; lastKnownFileType = image.png; path = pic_tab2_select.png; sourceTree = "<group>"; };
		9C988CBC199A5513008F82E3 /* pic_tab3_default.png */ = {isa = PBXFileReference; lastKnownFileType = image.png; path = pic_tab3_default.png; sourceTree = "<group>"; };
		9C988CBD199A5513008F82E3 /* pic_tab3_select.png */ = {isa = PBXFileReference; lastKnownFileType = image.png; path = pic_tab3_select.png; sourceTree = "<group>"; };
		9C988CBE199A5513008F82E3 /* pic_tab4_default.png */ = {isa = PBXFileReference; lastKnownFileType = image.png; path = pic_tab4_default.png; sourceTree = "<group>"; };
		9C988CBF199A5513008F82E3 /* pic_tab4_select.png */ = {isa = PBXFileReference; lastKnownFileType = image.png; path = pic_tab4_select.png; sourceTree = "<group>"; };
		9C988CCE199A553A008F82E3 /* TestSegViewController.h */ = {isa = PBXFileReference; fileEncoding = 4; lastKnownFileType = sourcecode.c.h; path = TestSegViewController.h; sourceTree = "<group>"; };
		9C988CCF199A553A008F82E3 /* TestSegViewController.m */ = {isa = PBXFileReference; fileEncoding = 4; lastKnownFileType = sourcecode.c.objc; path = TestSegViewController.m; sourceTree = "<group>"; };
		9CC51A08196277EB000877FA /* TestProgressViewViewController.h */ = {isa = PBXFileReference; fileEncoding = 4; lastKnownFileType = sourcecode.c.h; path = TestProgressViewViewController.h; sourceTree = "<group>"; };
		9CC51A09196277EB000877FA /* TestProgressViewViewController.m */ = {isa = PBXFileReference; fileEncoding = 4; lastKnownFileType = sourcecode.c.objc; path = TestProgressViewViewController.m; sourceTree = "<group>"; };
		B2012A3C19388D3D005D52F7 /* readme.txt */ = {isa = PBXFileReference; fileEncoding = 4; lastKnownFileType = text; path = readme.txt; sourceTree = SOURCE_ROOT; };
		B21FA2F619386EEE00E8465D /* testYJLUIKit.app */ = {isa = PBXFileReference; explicitFileType = wrapper.application; includeInIndex = 0; path = testYJLUIKit.app; sourceTree = BUILT_PRODUCTS_DIR; };
		B21FA2F919386EEE00E8465D /* Foundation.framework */ = {isa = PBXFileReference; lastKnownFileType = wrapper.framework; name = Foundation.framework; path = System/Library/Frameworks/Foundation.framework; sourceTree = SDKROOT; };
		B21FA2FB19386EEE00E8465D /* CoreGraphics.framework */ = {isa = PBXFileReference; lastKnownFileType = wrapper.framework; name = CoreGraphics.framework; path = System/Library/Frameworks/CoreGraphics.framework; sourceTree = SDKROOT; };
		B21FA2FD19386EEE00E8465D /* UIKit.framework */ = {isa = PBXFileReference; lastKnownFileType = wrapper.framework; name = UIKit.framework; path = System/Library/Frameworks/UIKit.framework; sourceTree = SDKROOT; };
		B21FA30119386EEE00E8465D /* testYJLUIKit-Info.plist */ = {isa = PBXFileReference; lastKnownFileType = text.plist.xml; path = "testYJLUIKit-Info.plist"; sourceTree = "<group>"; };
		B21FA30319386EEE00E8465D /* en */ = {isa = PBXFileReference; lastKnownFileType = text.plist.strings; name = en; path = en.lproj/InfoPlist.strings; sourceTree = "<group>"; };
		B21FA30519386EEE00E8465D /* main.m */ = {isa = PBXFileReference; lastKnownFileType = sourcecode.c.objc; path = main.m; sourceTree = "<group>"; };
		B21FA30719386EEE00E8465D /* testYJLUIKit-Prefix.pch */ = {isa = PBXFileReference; lastKnownFileType = sourcecode.c.h; path = "testYJLUIKit-Prefix.pch"; sourceTree = "<group>"; };
		B21FA30819386EEE00E8465D /* AppDelegate.h */ = {isa = PBXFileReference; lastKnownFileType = sourcecode.c.h; path = AppDelegate.h; sourceTree = "<group>"; };
		B21FA30919386EEE00E8465D /* AppDelegate.m */ = {isa = PBXFileReference; lastKnownFileType = sourcecode.c.objc; path = AppDelegate.m; sourceTree = "<group>"; };
		B21FA30E19386EEE00E8465D /* ViewController.h */ = {isa = PBXFileReference; lastKnownFileType = sourcecode.c.h; path = ViewController.h; sourceTree = "<group>"; };
		B21FA30F19386EEE00E8465D /* ViewController.m */ = {isa = PBXFileReference; lastKnownFileType = sourcecode.c.objc; path = ViewController.m; sourceTree = "<group>"; };
		B21FA31119386EEE00E8465D /* Images.xcassets */ = {isa = PBXFileReference; lastKnownFileType = folder.assetcatalog; path = Images.xcassets; sourceTree = "<group>"; };
		B21FA31719386EEE00E8465D /* testYJLUIKitTests.xctest */ = {isa = PBXFileReference; explicitFileType = wrapper.cfbundle; includeInIndex = 0; path = testYJLUIKitTests.xctest; sourceTree = BUILT_PRODUCTS_DIR; };
		B21FA31819386EEE00E8465D /* XCTest.framework */ = {isa = PBXFileReference; lastKnownFileType = wrapper.framework; name = XCTest.framework; path = Library/Frameworks/XCTest.framework; sourceTree = DEVELOPER_DIR; };
		B21FA32019386EEE00E8465D /* testYJLUIKitTests-Info.plist */ = {isa = PBXFileReference; lastKnownFileType = text.plist.xml; path = "testYJLUIKitTests-Info.plist"; sourceTree = "<group>"; };
		B21FA32219386EEE00E8465D /* en */ = {isa = PBXFileReference; lastKnownFileType = text.plist.strings; name = en; path = en.lproj/InfoPlist.strings; sourceTree = "<group>"; };
		B21FA32419386EEE00E8465D /* testYJLUIKitTests.m */ = {isa = PBXFileReference; lastKnownFileType = sourcecode.c.objc; path = testYJLUIKitTests.m; sourceTree = "<group>"; };
		B21FA33219386F0000E8465D /* libYJLUIKit.a */ = {isa = PBXFileReference; explicitFileType = archive.ar; includeInIndex = 0; path = libYJLUIKit.a; sourceTree = BUILT_PRODUCTS_DIR; };
		B21FA33F19386F0100E8465D /* YJLUIKitTests.xctest */ = {isa = PBXFileReference; explicitFileType = wrapper.cfbundle; includeInIndex = 0; path = YJLUIKitTests.xctest; sourceTree = BUILT_PRODUCTS_DIR; };
		B21FA34819386F0100E8465D /* YJLUIKitTests-Info.plist */ = {isa = PBXFileReference; lastKnownFileType = text.plist.xml; path = "YJLUIKitTests-Info.plist"; sourceTree = "<group>"; };
		B21FA34A19386F0100E8465D /* en */ = {isa = PBXFileReference; lastKnownFileType = text.plist.strings; name = en; path = en.lproj/InfoPlist.strings; sourceTree = "<group>"; };
		B21FA34C19386F0100E8465D /* YJLUIKitTests.m */ = {isa = PBXFileReference; lastKnownFileType = sourcecode.c.objc; path = YJLUIKitTests.m; sourceTree = "<group>"; };
		B2ABD88A194ADB1500EF2EC6 /* libYJLExam.a */ = {isa = PBXFileReference; explicitFileType = archive.ar; includeInIndex = 0; path = libYJLExam.a; sourceTree = BUILT_PRODUCTS_DIR; };
		B2ABD88E194ADB1500EF2EC6 /* YJLExam-Prefix.pch */ = {isa = PBXFileReference; lastKnownFileType = sourcecode.c.h; path = "YJLExam-Prefix.pch"; sourceTree = "<group>"; };
		B2ABD88F194ADB1500EF2EC6 /* YJLExam.h */ = {isa = PBXFileReference; lastKnownFileType = sourcecode.c.h; path = YJLExam.h; sourceTree = "<group>"; };
		B2ABD891194ADB1500EF2EC6 /* YJLExam.m */ = {isa = PBXFileReference; lastKnownFileType = sourcecode.c.objc; path = YJLExam.m; sourceTree = "<group>"; };
		B2ABD897194ADB1500EF2EC6 /* YJLExamTests.xctest */ = {isa = PBXFileReference; explicitFileType = wrapper.cfbundle; includeInIndex = 0; path = YJLExamTests.xctest; sourceTree = BUILT_PRODUCTS_DIR; };
		B2ABD8A0194ADB1500EF2EC6 /* YJLExamTests-Info.plist */ = {isa = PBXFileReference; lastKnownFileType = text.plist.xml; path = "YJLExamTests-Info.plist"; sourceTree = "<group>"; };
		B2ABD8A2194ADB1500EF2EC6 /* en */ = {isa = PBXFileReference; lastKnownFileType = text.plist.strings; name = en; path = en.lproj/InfoPlist.strings; sourceTree = "<group>"; };
		B2ABD8A4194ADB1500EF2EC6 /* YJLExamTests.m */ = {isa = PBXFileReference; lastKnownFileType = sourcecode.c.objc; path = YJLExamTests.m; sourceTree = "<group>"; };
		B2ABD8AC194ADB7E00EF2EC6 /* YJLQuestion.h */ = {isa = PBXFileReference; fileEncoding = 4; lastKnownFileType = sourcecode.c.h; path = YJLQuestion.h; sourceTree = "<group>"; };
		B2ABD8AD194ADB7E00EF2EC6 /* YJLQuestion.m */ = {isa = PBXFileReference; fileEncoding = 4; lastKnownFileType = sourcecode.c.objc; path = YJLQuestion.m; sourceTree = "<group>"; };
		B2ABD8B0194ADD0E00EF2EC6 /* YJLQuestionHandle.h */ = {isa = PBXFileReference; fileEncoding = 4; lastKnownFileType = sourcecode.c.h; path = YJLQuestionHandle.h; sourceTree = "<group>"; };
		B2ABD8B1194ADD0E00EF2EC6 /* YJLQuestionHandle.m */ = {isa = PBXFileReference; fileEncoding = 4; lastKnownFileType = sourcecode.c.objc; path = YJLQuestionHandle.m; sourceTree = "<group>"; };
		B2FAC529195C16810022C4C9 /* TestSelectViewViewController.h */ = {isa = PBXFileReference; fileEncoding = 4; lastKnownFileType = sourcecode.c.h; path = TestSelectViewViewController.h; sourceTree = "<group>"; };
		B2FAC52A195C16810022C4C9 /* TestSelectViewViewController.m */ = {isa = PBXFileReference; fileEncoding = 4; lastKnownFileType = sourcecode.c.objc; path = TestSelectViewViewController.m; sourceTree = "<group>"; };
		CE4EBE5719E2DFF300D9B34A /* QMLSliderViewController.h */ = {isa = PBXFileReference; fileEncoding = 4; lastKnownFileType = sourcecode.c.h; path = QMLSliderViewController.h; sourceTree = "<group>"; };
		CE4EBE5819E2DFF300D9B34A /* QMLSliderViewController.m */ = {isa = PBXFileReference; fileEncoding = 4; lastKnownFileType = sourcecode.c.objc; path = QMLSliderViewController.m; sourceTree = "<group>"; };
		CE4EBE6B19E2EC9000D9B34A /* btn_brightness_default.png */ = {isa = PBXFileReference; lastKnownFileType = image.png; path = btn_brightness_default.png; sourceTree = "<group>"; };
		CE4EBE6C19E2EC9000D9B34A /* btn_brightness_select.png */ = {isa = PBXFileReference; lastKnownFileType = image.png; path = btn_brightness_select.png; sourceTree = "<group>"; };
		CE5D809719F7ED28003EDE27 /* YJLProgreeView.qml */ = {isa = PBXFileReference; fileEncoding = 4; lastKnownFileType = text; path = YJLProgreeView.qml; sourceTree = "<group>"; };
		CE6EA22919F75749008D2105 /* QMLItem.qml */ = {isa = PBXFileReference; fileEncoding = 4; lastKnownFileType = text; path = QMLItem.qml; sourceTree = "<group>"; };
		CEBED37519C2D535000F7905 /* TestNetLayerViewController.h */ = {isa = PBXFileReference; fileEncoding = 4; lastKnownFileType = sourcecode.c.h; path = TestNetLayerViewController.h; sourceTree = "<group>"; };
		CEBED37619C2D535000F7905 /* TestNetLayerViewController.m */ = {isa = PBXFileReference; fileEncoding = 4; lastKnownFileType = sourcecode.c.objc; path = TestNetLayerViewController.m; sourceTree = "<group>"; };
		CEE689EF1A0F6ACF00C081C2 /* YJLADControl.h */ = {isa = PBXFileReference; fileEncoding = 4; lastKnownFileType = sourcecode.c.h; path = YJLADControl.h; sourceTree = "<group>"; };
		CEE689F01A0F6ACF00C081C2 /* YJLADControl.m */ = {isa = PBXFileReference; fileEncoding = 4; lastKnownFileType = sourcecode.c.objc; path = YJLADControl.m; sourceTree = "<group>"; };
		CEE689F21A0F6ACF00C081C2 /* QMLShapeLayer.h */ = {isa = PBXFileReference; fileEncoding = 4; lastKnownFileType = sourcecode.c.h; path = QMLShapeLayer.h; sourceTree = "<group>"; };
		CEE689F31A0F6ACF00C081C2 /* QMLShapeLayer.m */ = {isa = PBXFileReference; fileEncoding = 4; lastKnownFileType = sourcecode.c.objc; path = QMLShapeLayer.m; sourceTree = "<group>"; };
		CEE689F41A0F6ACF00C081C2 /* YJLImageView.h */ = {isa = PBXFileReference; fileEncoding = 4; lastKnownFileType = sourcecode.c.h; path = YJLImageView.h; sourceTree = "<group>"; };
		CEE689F51A0F6ACF00C081C2 /* YJLImageView.m */ = {isa = PBXFileReference; fileEncoding = 4; lastKnownFileType = sourcecode.c.objc; path = YJLImageView.m; sourceTree = "<group>"; };
		CEE689F61A0F6ACF00C081C2 /* YJLObject.h */ = {isa = PBXFileReference; fileEncoding = 4; lastKnownFileType = sourcecode.c.h; path = YJLObject.h; sourceTree = "<group>"; };
		CEE689F71A0F6ACF00C081C2 /* YJLObject.m */ = {isa = PBXFileReference; fileEncoding = 4; lastKnownFileType = sourcecode.c.objc; path = YJLObject.m; sourceTree = "<group>"; };
		CEE689F81A0F6ACF00C081C2 /* YJLView.h */ = {isa = PBXFileReference; fileEncoding = 4; lastKnownFileType = sourcecode.c.h; path = YJLView.h; sourceTree = "<group>"; };
		CEE689F91A0F6ACF00C081C2 /* YJLView.m */ = {isa = PBXFileReference; fileEncoding = 4; lastKnownFileType = sourcecode.c.objc; path = YJLView.m; sourceTree = "<group>"; };
		CEE689FA1A0F6ACF00C081C2 /* YJLViewController.h */ = {isa = PBXFileReference; fileEncoding = 4; lastKnownFileType = sourcecode.c.h; path = YJLViewController.h; sourceTree = "<group>"; };
		CEE689FB1A0F6ACF00C081C2 /* YJLViewController.m */ = {isa = PBXFileReference; fileEncoding = 4; lastKnownFileType = sourcecode.c.objc; path = YJLViewController.m; sourceTree = "<group>"; };
		CEE689FD1A0F6ACF00C081C2 /* YJLContentView.h */ = {isa = PBXFileReference; fileEncoding = 4; lastKnownFileType = sourcecode.c.h; path = YJLContentView.h; sourceTree = "<group>"; };
		CEE689FE1A0F6ACF00C081C2 /* YJLContentView.m */ = {isa = PBXFileReference; fileEncoding = 4; lastKnownFileType = sourcecode.c.objc; path = YJLContentView.m; sourceTree = "<group>"; };
		CEE68A001A0F6ACF00C081C2 /* QMLStatusImageView.h */ = {isa = PBXFileReference; fileEncoding = 4; lastKnownFileType = sourcecode.c.h; path = QMLStatusImageView.h; sourceTree = "<group>"; };
		CEE68A011A0F6ACF00C081C2 /* QMLStatusImageView.m */ = {isa = PBXFileReference; fileEncoding = 4; lastKnownFileType = sourcecode.c.objc; path = QMLStatusImageView.m; sourceTree = "<group>"; };
		CEE68A021A0F6ACF00C081C2 /* QMLTouchImageView.h */ = {isa = PBXFileReference; fileEncoding = 4; lastKnownFileType = sourcecode.c.h; path = QMLTouchImageView.h; sourceTree = "<group>"; };
		CEE68A031A0F6ACF00C081C2 /* QMLTouchImageView.m */ = {isa = PBXFileReference; fileEncoding = 4; lastKnownFileType = sourcecode.c.objc; path = QMLTouchImageView.m; sourceTree = "<group>"; };
		CEE68A051A0F6ACF00C081C2 /* YJLDrawLabel.h */ = {isa = PBXFileReference; fileEncoding = 4; lastKnownFileType = sourcecode.c.h; path = YJLDrawLabel.h; sourceTree = "<group>"; };
		CEE68A061A0F6ACF00C081C2 /* YJLDrawLabel.m */ = {isa = PBXFileReference; fileEncoding = 4; lastKnownFileType = sourcecode.c.objc; path = YJLDrawLabel.m; sourceTree = "<group>"; };
		CEE68A071A0F6ACF00C081C2 /* YJLScrollLabel.h */ = {isa = PBXFileReference; fileEncoding = 4; lastKnownFileType = sourcecode.c.h; path = YJLScrollLabel.h; sourceTree = "<group>"; };
		CEE68A081A0F6ACF00C081C2 /* YJLScrollLabel.m */ = {isa = PBXFileReference; fileEncoding = 4; lastKnownFileType = sourcecode.c.objc; path = YJLScrollLabel.m; sourceTree = "<group>"; };
		CEE68A0A1A0F6ACF00C081C2 /* QMLNetGraphicsLayer.h */ = {isa = PBXFileReference; fileEncoding = 4; lastKnownFileType = sourcecode.c.h; path = QMLNetGraphicsLayer.h; sourceTree = "<group>"; };
		CEE68A0B1A0F6ACF00C081C2 /* QMLNetGraphicsLayer.m */ = {isa = PBXFileReference; fileEncoding = 4; lastKnownFileType = sourcecode.c.objc; path = QMLNetGraphicsLayer.m; sourceTree = "<group>"; };
		CEE68A0D1A0F6ACF00C081C2 /* QMLLayoutFunction.h */ = {isa = PBXFileReference; fileEncoding = 4; lastKnownFileType = sourcecode.c.h; path = QMLLayoutFunction.h; sourceTree = "<group>"; };
		CEE68A0E1A0F6ACF00C081C2 /* QMLLayoutFunction.m */ = {isa = PBXFileReference; fileEncoding = 4; lastKnownFileType = sourcecode.c.objc; path = QMLLayoutFunction.m; sourceTree = "<group>"; };
		CEE68A0F1A0F6ACF00C081C2 /* YJLLayoutDelegate.h */ = {isa = PBXFileReference; fileEncoding = 4; lastKnownFileType = sourcecode.c.h; path = YJLLayoutDelegate.h; sourceTree = "<group>"; };
		CEE68A111A0F6ACF00C081C2 /* YJLTextObj.h */ = {isa = PBXFileReference; fileEncoding = 4; lastKnownFileType = sourcecode.c.h; path = YJLTextObj.h; sourceTree = "<group>"; };
		CEE68A121A0F6ACF00C081C2 /* YJLTextObj.m */ = {isa = PBXFileReference; fileEncoding = 4; lastKnownFileType = sourcecode.c.objc; path = YJLTextObj.m; sourceTree = "<group>"; };
		CEE68A141A0F6ACF00C081C2 /* YJLProgreeView.h */ = {isa = PBXFileReference; fileEncoding = 4; lastKnownFileType = sourcecode.c.h; path = YJLProgreeView.h; sourceTree = "<group>"; };
		CEE68A151A0F6ACF00C081C2 /* YJLProgreeView.m */ = {isa = PBXFileReference; fileEncoding = 4; lastKnownFileType = sourcecode.c.objc; path = YJLProgreeView.m; sourceTree = "<group>"; };
		CEE68A171A0F6ACF00C081C2 /* YJLRefurbishView.h */ = {isa = PBXFileReference; fileEncoding = 4; lastKnownFileType = sourcecode.c.h; path = YJLRefurbishView.h; sourceTree = "<group>"; };
		CEE68A181A0F6ACF00C081C2 /* YJLRefurbishView.m */ = {isa = PBXFileReference; fileEncoding = 4; lastKnownFileType = sourcecode.c.objc; path = YJLRefurbishView.m; sourceTree = "<group>"; };
		CEE68A191A0F6ACF00C081C2 /* YJLRefView.h */ = {isa = PBXFileReference; fileEncoding = 4; lastKnownFileType = sourcecode.c.h; path = YJLRefView.h; sourceTree = "<group>"; };
		CEE68A1A1A0F6ACF00C081C2 /* YJLRefView.m */ = {isa = PBXFileReference; fileEncoding = 4; lastKnownFileType = sourcecode.c.objc; path = YJLRefView.m; sourceTree = "<group>"; };
		CEE68A1C1A0F6ACF00C081C2 /* QMLSegItem.h */ = {isa = PBXFileReference; fileEncoding = 4; lastKnownFileType = sourcecode.c.h; path = QMLSegItem.h; sourceTree = "<group>"; };
		CEE68A1D1A0F6ACF00C081C2 /* QMLSegItem.m */ = {isa = PBXFileReference; fileEncoding = 4; lastKnownFileType = sourcecode.c.objc; path = QMLSegItem.m; sourceTree = "<group>"; };
		CEE68A1E1A0F6ACF00C081C2 /* QMLSegmentControl.h */ = {isa = PBXFileReference; fileEncoding = 4; lastKnownFileType = sourcecode.c.h; path = QMLSegmentControl.h; sourceTree = "<group>"; };
		CEE68A1F1A0F6ACF00C081C2 /* QMLSegmentControl.m */ = {isa = PBXFileReference; fileEncoding = 4; lastKnownFileType = sourcecode.c.objc; path = QMLSegmentControl.m; sourceTree = "<group>"; };
		CEE68A211A0F6ACF00C081C2 /* YJLSelectView.h */ = {isa = PBXFileReference; fileEncoding = 4; lastKnownFileType = sourcecode.c.h; path = YJLSelectView.h; sourceTree = "<group>"; };
		CEE68A221A0F6ACF00C081C2 /* YJLSelectView.m */ = {isa = PBXFileReference; fileEncoding = 4; lastKnownFileType = sourcecode.c.objc; path = YJLSelectView.m; sourceTree = "<group>"; };
		CEE68A241A0F6ACF00C081C2 /* QMLSlider.h */ = {isa = PBXFileReference; fileEncoding = 4; lastKnownFileType = sourcecode.c.h; path = QMLSlider.h; sourceTree = "<group>"; };
		CEE68A251A0F6ACF00C081C2 /* QMLSlider.m */ = {isa = PBXFileReference; fileEncoding = 4; lastKnownFileType = sourcecode.c.objc; path = QMLSlider.m; sourceTree = "<group>"; };
		CEE68A261A0F6ACF00C081C2 /* YJLDefine.h */ = {isa = PBXFileReference; fileEncoding = 4; lastKnownFileType = sourcecode.c.h; path = YJLDefine.h; sourceTree = "<group>"; };
		CEE68A271A0F6ACF00C081C2 /* YJLUIKit-Prefix.pch */ = {isa = PBXFileReference; fileEncoding = 4; lastKnownFileType = sourcecode.c.h; path = "YJLUIKit-Prefix.pch"; sourceTree = "<group>"; };
		CEE68A281A0F6ACF00C081C2 /* YJLUIKit.h */ = {isa = PBXFileReference; fileEncoding = 4; lastKnownFileType = sourcecode.c.h; path = YJLUIKit.h; sourceTree = "<group>"; };
		CEE68A291A0F6ACF00C081C2 /* YJLUIKit.m */ = {isa = PBXFileReference; fileEncoding = 4; lastKnownFileType = sourcecode.c.objc; path = YJLUIKit.m; sourceTree = "<group>"; };
/* End PBXFileReference section */

/* Begin PBXFrameworksBuildPhase section */
		B21FA2F319386EEE00E8465D /* Frameworks */ = {
			isa = PBXFrameworksBuildPhase;
			buildActionMask = 2147483647;
			files = (
				B21FA2FC19386EEE00E8465D /* CoreGraphics.framework in Frameworks */,
				B21FA2FE19386EEE00E8465D /* UIKit.framework in Frameworks */,
				B21FA2FA19386EEE00E8465D /* Foundation.framework in Frameworks */,
			);
			runOnlyForDeploymentPostprocessing = 0;
		};
		B21FA31419386EEE00E8465D /* Frameworks */ = {
			isa = PBXFrameworksBuildPhase;
			buildActionMask = 2147483647;
			files = (
				B21FA31919386EEE00E8465D /* XCTest.framework in Frameworks */,
				B21FA31B19386EEE00E8465D /* UIKit.framework in Frameworks */,
				B21FA31A19386EEE00E8465D /* Foundation.framework in Frameworks */,
			);
			runOnlyForDeploymentPostprocessing = 0;
		};
		B21FA32F19386F0000E8465D /* Frameworks */ = {
			isa = PBXFrameworksBuildPhase;
			buildActionMask = 2147483647;
			files = (
				B21FA33319386F0000E8465D /* Foundation.framework in Frameworks */,
			);
			runOnlyForDeploymentPostprocessing = 0;
		};
		B21FA33C19386F0100E8465D /* Frameworks */ = {
			isa = PBXFrameworksBuildPhase;
			buildActionMask = 2147483647;
			files = (
				B21FA34519386F0100E8465D /* libYJLUIKit.a in Frameworks */,
				B21FA34019386F0100E8465D /* XCTest.framework in Frameworks */,
				B21FA34219386F0100E8465D /* UIKit.framework in Frameworks */,
				B21FA34119386F0100E8465D /* Foundation.framework in Frameworks */,
			);
			runOnlyForDeploymentPostprocessing = 0;
		};
		B2ABD887194ADB1500EF2EC6 /* Frameworks */ = {
			isa = PBXFrameworksBuildPhase;
			buildActionMask = 2147483647;
			files = (
				B2ABD88B194ADB1500EF2EC6 /* Foundation.framework in Frameworks */,
			);
			runOnlyForDeploymentPostprocessing = 0;
		};
		B2ABD894194ADB1500EF2EC6 /* Frameworks */ = {
			isa = PBXFrameworksBuildPhase;
			buildActionMask = 2147483647;
			files = (
				B2ABD89D194ADB1500EF2EC6 /* libYJLExam.a in Frameworks */,
				B2ABD898194ADB1500EF2EC6 /* XCTest.framework in Frameworks */,
				B2ABD89A194ADB1500EF2EC6 /* UIKit.framework in Frameworks */,
				B2ABD899194ADB1500EF2EC6 /* Foundation.framework in Frameworks */,
			);
			runOnlyForDeploymentPostprocessing = 0;
		};
/* End PBXFrameworksBuildPhase section */

/* Begin PBXGroup section */
		9C988CB1199A5513008F82E3 /* Res */ = {
			isa = PBXGroup;
			children = (
				CE4EBE6B19E2EC9000D9B34A /* btn_brightness_default.png */,
				CE4EBE6C19E2EC9000D9B34A /* btn_brightness_select.png */,
				9C988CB2199A5513008F82E3 /* btn_segment1_default.png */,
				9C988CB3199A5513008F82E3 /* btn_segment1_select.png */,
				9C988CB4199A5513008F82E3 /* btn_segment2_default.png */,
				9C988CB5199A5513008F82E3 /* btn_segment2_select.png */,
				9C988CB6199A5513008F82E3 /* btn_segment3_default.png */,
				9C988CB7199A5513008F82E3 /* btn_segment3_select.png */,
				9C988CB8199A5513008F82E3 /* pic_tab1_default.png */,
				9C988CB9199A5513008F82E3 /* pic_tab1_select.png */,
				9C988CBA199A5513008F82E3 /* pic_tab2_default.png */,
				9C988CBB199A5513008F82E3 /* pic_tab2_select.png */,
				9C988CBC199A5513008F82E3 /* pic_tab3_default.png */,
				9C988CBD199A5513008F82E3 /* pic_tab3_select.png */,
				9C988CBE199A5513008F82E3 /* pic_tab4_default.png */,
				9C988CBF199A5513008F82E3 /* pic_tab4_select.png */,
			);
			path = Res;
			sourceTree = "<group>";
		};
		B21FA2ED19386EEE00E8465D = {
			isa = PBXGroup;
			children = (
				CEE689ED1A0F6ACF00C081C2 /* YJLUIKit */,
				9C988CB1199A5513008F82E3 /* Res */,
				B21FA2FF19386EEE00E8465D /* testYJLUIKit */,
				B21FA31E19386EEE00E8465D /* testYJLUIKitTests */,
				B21FA34619386F0100E8465D /* YJLUIKitTests */,
				B2ABD88C194ADB1500EF2EC6 /* YJLExam */,
				B2ABD89E194ADB1500EF2EC6 /* YJLExamTests */,
				B21FA2F819386EEE00E8465D /* Frameworks */,
				B21FA2F719386EEE00E8465D /* Products */,
			);
			sourceTree = "<group>";
		};
		B21FA2F719386EEE00E8465D /* Products */ = {
			isa = PBXGroup;
			children = (
				B21FA2F619386EEE00E8465D /* testYJLUIKit.app */,
				B21FA31719386EEE00E8465D /* testYJLUIKitTests.xctest */,
				B21FA33219386F0000E8465D /* libYJLUIKit.a */,
				B21FA33F19386F0100E8465D /* YJLUIKitTests.xctest */,
				B2ABD88A194ADB1500EF2EC6 /* libYJLExam.a */,
				B2ABD897194ADB1500EF2EC6 /* YJLExamTests.xctest */,
			);
			name = Products;
			sourceTree = "<group>";
		};
		B21FA2F819386EEE00E8465D /* Frameworks */ = {
			isa = PBXGroup;
			children = (
				B21FA2F919386EEE00E8465D /* Foundation.framework */,
				B21FA2FB19386EEE00E8465D /* CoreGraphics.framework */,
				B21FA2FD19386EEE00E8465D /* UIKit.framework */,
				B21FA31819386EEE00E8465D /* XCTest.framework */,
			);
			name = Frameworks;
			sourceTree = "<group>";
		};
		B21FA2FF19386EEE00E8465D /* testYJLUIKit */ = {
			isa = PBXGroup;
			children = (
				B2012A3C19388D3D005D52F7 /* readme.txt */,
				B21FA30819386EEE00E8465D /* AppDelegate.h */,
				B21FA30919386EEE00E8465D /* AppDelegate.m */,
				B21FA30E19386EEE00E8465D /* ViewController.h */,
				B21FA30F19386EEE00E8465D /* ViewController.m */,
				B21FA31119386EEE00E8465D /* Images.xcassets */,
				B21FA30019386EEE00E8465D /* Supporting Files */,
				B2FAC529195C16810022C4C9 /* TestSelectViewViewController.h */,
				B2FAC52A195C16810022C4C9 /* TestSelectViewViewController.m */,
				9CC51A08196277EB000877FA /* TestProgressViewViewController.h */,
				9CC51A09196277EB000877FA /* TestProgressViewViewController.m */,
				9C2DEFBB19631530005C6F56 /* TestRefurbishView.h */,
				9C2DEFBC19631530005C6F56 /* TestRefurbishView.m */,
				9C2DEFC21963C487005C6F56 /* TestYJLRefView.h */,
				9C2DEFC31963C487005C6F56 /* TestYJLRefView.m */,
				9C4F3657197BC11D00C4B403 /* TestYJLADControl.h */,
				9C4F3658197BC11D00C4B403 /* TestYJLADControl.m */,
				9C988CCE199A553A008F82E3 /* TestSegViewController.h */,
				9C988CCF199A553A008F82E3 /* TestSegViewController.m */,
				CEBED37519C2D535000F7905 /* TestNetLayerViewController.h */,
				CEBED37619C2D535000F7905 /* TestNetLayerViewController.m */,
				CE4EBE5719E2DFF300D9B34A /* QMLSliderViewController.h */,
				CE4EBE5819E2DFF300D9B34A /* QMLSliderViewController.m */,
				CE6EA22919F75749008D2105 /* QMLItem.qml */,
				CE5D809719F7ED28003EDE27 /* YJLProgreeView.qml */,
			);
			path = testYJLUIKit;
			sourceTree = "<group>";
		};
		B21FA30019386EEE00E8465D /* Supporting Files */ = {
			isa = PBXGroup;
			children = (
				B21FA30119386EEE00E8465D /* testYJLUIKit-Info.plist */,
				B21FA30219386EEE00E8465D /* InfoPlist.strings */,
				B21FA30519386EEE00E8465D /* main.m */,
				B21FA30719386EEE00E8465D /* testYJLUIKit-Prefix.pch */,
			);
			name = "Supporting Files";
			sourceTree = "<group>";
		};
		B21FA31E19386EEE00E8465D /* testYJLUIKitTests */ = {
			isa = PBXGroup;
			children = (
				B21FA32419386EEE00E8465D /* testYJLUIKitTests.m */,
				B21FA31F19386EEE00E8465D /* Supporting Files */,
			);
			path = testYJLUIKitTests;
			sourceTree = "<group>";
		};
		B21FA31F19386EEE00E8465D /* Supporting Files */ = {
			isa = PBXGroup;
			children = (
				B21FA32019386EEE00E8465D /* testYJLUIKitTests-Info.plist */,
				B21FA32119386EEE00E8465D /* InfoPlist.strings */,
			);
			name = "Supporting Files";
			sourceTree = "<group>";
		};
		B21FA34619386F0100E8465D /* YJLUIKitTests */ = {
			isa = PBXGroup;
			children = (
				B21FA34C19386F0100E8465D /* YJLUIKitTests.m */,
				B21FA34719386F0100E8465D /* Supporting Files */,
			);
			path = YJLUIKitTests;
			sourceTree = "<group>";
		};
		B21FA34719386F0100E8465D /* Supporting Files */ = {
			isa = PBXGroup;
			children = (
				B21FA34819386F0100E8465D /* YJLUIKitTests-Info.plist */,
				B21FA34919386F0100E8465D /* InfoPlist.strings */,
			);
			name = "Supporting Files";
			sourceTree = "<group>";
		};
		B2ABD88C194ADB1500EF2EC6 /* YJLExam */ = {
			isa = PBXGroup;
			children = (
				9C3006991965405100A95B4C /* option_btn_default.png */,
				9C30069A1965405100A95B4C /* option_btn_selected.png */,
				B2ABD88F194ADB1500EF2EC6 /* YJLExam.h */,
				B2ABD891194ADB1500EF2EC6 /* YJLExam.m */,
				B2ABD88D194ADB1500EF2EC6 /* Supporting Files */,
				B2ABD8AC194ADB7E00EF2EC6 /* YJLQuestion.h */,
				B2ABD8AD194ADB7E00EF2EC6 /* YJLQuestion.m */,
				B2ABD8B0194ADD0E00EF2EC6 /* YJLQuestionHandle.h */,
				B2ABD8B1194ADD0E00EF2EC6 /* YJLQuestionHandle.m */,
				9C300695196539C500A95B4C /* YJLOptionView.h */,
				9C300696196539C500A95B4C /* YJLOptionView.m */,
				9C30069B196540A200A95B4C /* YJLQuestionView.h */,
				9C30069C196540A200A95B4C /* YJLQuestionView.m */,
			);
			path = YJLExam;
			sourceTree = "<group>";
		};
		B2ABD88D194ADB1500EF2EC6 /* Supporting Files */ = {
			isa = PBXGroup;
			children = (
				B2ABD88E194ADB1500EF2EC6 /* YJLExam-Prefix.pch */,
			);
			name = "Supporting Files";
			sourceTree = "<group>";
		};
		B2ABD89E194ADB1500EF2EC6 /* YJLExamTests */ = {
			isa = PBXGroup;
			children = (
				B2ABD8A4194ADB1500EF2EC6 /* YJLExamTests.m */,
				B2ABD89F194ADB1500EF2EC6 /* Supporting Files */,
			);
			path = YJLExamTests;
			sourceTree = "<group>";
		};
		B2ABD89F194ADB1500EF2EC6 /* Supporting Files */ = {
			isa = PBXGroup;
			children = (
				B2ABD8A0194ADB1500EF2EC6 /* YJLExamTests-Info.plist */,
				B2ABD8A1194ADB1500EF2EC6 /* InfoPlist.strings */,
			);
			name = "Supporting Files";
			sourceTree = "<group>";
		};
		CEE689ED1A0F6ACF00C081C2 /* YJLUIKit */ = {
			isa = PBXGroup;
			children = (
				CEE689EE1A0F6ACF00C081C2 /* QMLADControl */,
				CEE689F11A0F6ACF00C081C2 /* QMLBase */,
				CEE689FC1A0F6ACF00C081C2 /* QMLContentView */,
				CEE689FF1A0F6ACF00C081C2 /* QMLImageView */,
				CEE68A041A0F6ACF00C081C2 /* QMLLabel */,
				CEE68A091A0F6ACF00C081C2 /* QMLLayer */,
				CEE68A0C1A0F6ACF00C081C2 /* QMLLayout */,
				CEE68A101A0F6ACF00C081C2 /* QMLObject */,
				CEE68A131A0F6ACF00C081C2 /* QMLProgreeView */,
				CEE68A161A0F6ACF00C081C2 /* QMLRefView */,
				CEE68A1B1A0F6ACF00C081C2 /* QMLSegControl */,
				CEE68A201A0F6ACF00C081C2 /* QMLSelectView */,
				CEE68A231A0F6ACF00C081C2 /* QMLSlider */,
				CEE68A261A0F6ACF00C081C2 /* YJLDefine.h */,
				CEE68A271A0F6ACF00C081C2 /* YJLUIKit-Prefix.pch */,
				CEE68A281A0F6ACF00C081C2 /* YJLUIKit.h */,
				CEE68A291A0F6ACF00C081C2 /* YJLUIKit.m */,
			);
			path = YJLUIKit;
			sourceTree = "<group>";
		};
		CEE689EE1A0F6ACF00C081C2 /* QMLADControl */ = {
			isa = PBXGroup;
			children = (
				CEE689EF1A0F6ACF00C081C2 /* YJLADControl.h */,
				CEE689F01A0F6ACF00C081C2 /* YJLADControl.m */,
			);
			path = QMLADControl;
			sourceTree = "<group>";
		};
		CEE689F11A0F6ACF00C081C2 /* QMLBase */ = {
			isa = PBXGroup;
			children = (
				CEE689F21A0F6ACF00C081C2 /* QMLShapeLayer.h */,
				CEE689F31A0F6ACF00C081C2 /* QMLShapeLayer.m */,
				CEE689F41A0F6ACF00C081C2 /* YJLImageView.h */,
				CEE689F51A0F6ACF00C081C2 /* YJLImageView.m */,
				CEE689F61A0F6ACF00C081C2 /* YJLObject.h */,
				CEE689F71A0F6ACF00C081C2 /* YJLObject.m */,
				CEE689F81A0F6ACF00C081C2 /* YJLView.h */,
				CEE689F91A0F6ACF00C081C2 /* YJLView.m */,
				CEE689FA1A0F6ACF00C081C2 /* YJLViewController.h */,
				CEE689FB1A0F6ACF00C081C2 /* YJLViewController.m */,
			);
			path = QMLBase;
			sourceTree = "<group>";
		};
		CEE689FC1A0F6ACF00C081C2 /* QMLContentView */ = {
			isa = PBXGroup;
			children = (
				CEE689FD1A0F6ACF00C081C2 /* YJLContentView.h */,
				CEE689FE1A0F6ACF00C081C2 /* YJLContentView.m */,
			);
			path = QMLContentView;
			sourceTree = "<group>";
		};
		CEE689FF1A0F6ACF00C081C2 /* QMLImageView */ = {
			isa = PBXGroup;
			children = (
				CEE68A001A0F6ACF00C081C2 /* QMLStatusImageView.h */,
				CEE68A011A0F6ACF00C081C2 /* QMLStatusImageView.m */,
				CEE68A021A0F6ACF00C081C2 /* QMLTouchImageView.h */,
				CEE68A031A0F6ACF00C081C2 /* QMLTouchImageView.m */,
			);
			path = QMLImageView;
			sourceTree = "<group>";
		};
		CEE68A041A0F6ACF00C081C2 /* QMLLabel */ = {
			isa = PBXGroup;
			children = (
				CEE68A051A0F6ACF00C081C2 /* YJLDrawLabel.h */,
				CEE68A061A0F6ACF00C081C2 /* YJLDrawLabel.m */,
				CEE68A071A0F6ACF00C081C2 /* YJLScrollLabel.h */,
				CEE68A081A0F6ACF00C081C2 /* YJLScrollLabel.m */,
			);
			path = QMLLabel;
			sourceTree = "<group>";
		};
		CEE68A091A0F6ACF00C081C2 /* QMLLayer */ = {
			isa = PBXGroup;
			children = (
				CEE68A0A1A0F6ACF00C081C2 /* QMLNetGraphicsLayer.h */,
				CEE68A0B1A0F6ACF00C081C2 /* QMLNetGraphicsLayer.m */,
			);
			path = QMLLayer;
			sourceTree = "<group>";
		};
		CEE68A0C1A0F6ACF00C081C2 /* QMLLayout */ = {
			isa = PBXGroup;
			children = (
				CEE68A0D1A0F6ACF00C081C2 /* QMLLayoutFunction.h */,
				CEE68A0E1A0F6ACF00C081C2 /* QMLLayoutFunction.m */,
				CEE68A0F1A0F6ACF00C081C2 /* YJLLayoutDelegate.h */,
			);
			path = QMLLayout;
			sourceTree = "<group>";
		};
		CEE68A101A0F6ACF00C081C2 /* QMLObject */ = {
			isa = PBXGroup;
			children = (
				CEE68A111A0F6ACF00C081C2 /* YJLTextObj.h */,
				CEE68A121A0F6ACF00C081C2 /* YJLTextObj.m */,
			);
			path = QMLObject;
			sourceTree = "<group>";
		};
		CEE68A131A0F6ACF00C081C2 /* QMLProgreeView */ = {
			isa = PBXGroup;
			children = (
				CEE68A141A0F6ACF00C081C2 /* YJLProgreeView.h */,
				CEE68A151A0F6ACF00C081C2 /* YJLProgreeView.m */,
			);
			path = QMLProgreeView;
			sourceTree = "<group>";
		};
		CEE68A161A0F6ACF00C081C2 /* QMLRefView */ = {
			isa = PBXGroup;
			children = (
				CEE68A171A0F6ACF00C081C2 /* YJLRefurbishView.h */,
				CEE68A181A0F6ACF00C081C2 /* YJLRefurbishView.m */,
				CEE68A191A0F6ACF00C081C2 /* YJLRefView.h */,
				CEE68A1A1A0F6ACF00C081C2 /* YJLRefView.m */,
			);
			path = QMLRefView;
			sourceTree = "<group>";
		};
		CEE68A1B1A0F6ACF00C081C2 /* QMLSegControl */ = {
			isa = PBXGroup;
			children = (
				CEE68A1C1A0F6ACF00C081C2 /* QMLSegItem.h */,
				CEE68A1D1A0F6ACF00C081C2 /* QMLSegItem.m */,
				CEE68A1E1A0F6ACF00C081C2 /* QMLSegmentControl.h */,
				CEE68A1F1A0F6ACF00C081C2 /* QMLSegmentControl.m */,
			);
			path = QMLSegControl;
			sourceTree = "<group>";
		};
		CEE68A201A0F6ACF00C081C2 /* QMLSelectView */ = {
			isa = PBXGroup;
			children = (
				CEE68A211A0F6ACF00C081C2 /* YJLSelectView.h */,
				CEE68A221A0F6ACF00C081C2 /* YJLSelectView.m */,
			);
			path = QMLSelectView;
			sourceTree = "<group>";
		};
		CEE68A231A0F6ACF00C081C2 /* QMLSlider */ = {
			isa = PBXGroup;
			children = (
				CEE68A241A0F6ACF00C081C2 /* QMLSlider.h */,
				CEE68A251A0F6ACF00C081C2 /* QMLSlider.m */,
			);
			path = QMLSlider;
			sourceTree = "<group>";
		};
/* End PBXGroup section */

/* Begin PBXNativeTarget section */
		B21FA2F519386EEE00E8465D /* testYJLUIKit */ = {
			isa = PBXNativeTarget;
			buildConfigurationList = B21FA32819386EEE00E8465D /* Build configuration list for PBXNativeTarget "testYJLUIKit" */;
			buildPhases = (
				B21FA2F219386EEE00E8465D /* Sources */,
				B21FA2F319386EEE00E8465D /* Frameworks */,
				B21FA2F419386EEE00E8465D /* Resources */,
			);
			buildRules = (
			);
			dependencies = (
			);
			name = testYJLUIKit;
			productName = testYJLUIKit;
			productReference = B21FA2F619386EEE00E8465D /* testYJLUIKit.app */;
			productType = "com.apple.product-type.application";
		};
		B21FA31619386EEE00E8465D /* testYJLUIKitTests */ = {
			isa = PBXNativeTarget;
			buildConfigurationList = B21FA32B19386EEE00E8465D /* Build configuration list for PBXNativeTarget "testYJLUIKitTests" */;
			buildPhases = (
				B21FA31319386EEE00E8465D /* Sources */,
				B21FA31419386EEE00E8465D /* Frameworks */,
				B21FA31519386EEE00E8465D /* Resources */,
			);
			buildRules = (
			);
			dependencies = (
				B21FA31D19386EEE00E8465D /* PBXTargetDependency */,
			);
			name = testYJLUIKitTests;
			productName = testYJLUIKitTests;
			productReference = B21FA31719386EEE00E8465D /* testYJLUIKitTests.xctest */;
			productType = "com.apple.product-type.bundle.unit-test";
		};
		B21FA33119386F0000E8465D /* YJLUIKit */ = {
			isa = PBXNativeTarget;
			buildConfigurationList = B21FA34E19386F0100E8465D /* Build configuration list for PBXNativeTarget "YJLUIKit" */;
			buildPhases = (
				B21FA32E19386F0000E8465D /* Sources */,
				B21FA32F19386F0000E8465D /* Frameworks */,
				B21FA33019386F0000E8465D /* CopyFiles */,
			);
			buildRules = (
			);
			dependencies = (
			);
			name = YJLUIKit;
			productName = YJLUIKit;
			productReference = B21FA33219386F0000E8465D /* libYJLUIKit.a */;
			productType = "com.apple.product-type.library.static";
		};
		B21FA33E19386F0100E8465D /* YJLUIKitTests */ = {
			isa = PBXNativeTarget;
			buildConfigurationList = B21FA35119386F0100E8465D /* Build configuration list for PBXNativeTarget "YJLUIKitTests" */;
			buildPhases = (
				B21FA33B19386F0100E8465D /* Sources */,
				B21FA33C19386F0100E8465D /* Frameworks */,
				B21FA33D19386F0100E8465D /* Resources */,
			);
			buildRules = (
			);
			dependencies = (
				B21FA34419386F0100E8465D /* PBXTargetDependency */,
			);
			name = YJLUIKitTests;
			productName = YJLUIKitTests;
			productReference = B21FA33F19386F0100E8465D /* YJLUIKitTests.xctest */;
			productType = "com.apple.product-type.bundle.unit-test";
		};
		B2ABD889194ADB1500EF2EC6 /* YJLExam */ = {
			isa = PBXNativeTarget;
			buildConfigurationList = B2ABD8A6194ADB1500EF2EC6 /* Build configuration list for PBXNativeTarget "YJLExam" */;
			buildPhases = (
				B2ABD886194ADB1500EF2EC6 /* Sources */,
				B2ABD887194ADB1500EF2EC6 /* Frameworks */,
				B2ABD888194ADB1500EF2EC6 /* CopyFiles */,
			);
			buildRules = (
			);
			dependencies = (
			);
			name = YJLExam;
			productName = YJLExam;
			productReference = B2ABD88A194ADB1500EF2EC6 /* libYJLExam.a */;
			productType = "com.apple.product-type.library.static";
		};
		B2ABD896194ADB1500EF2EC6 /* YJLExamTests */ = {
			isa = PBXNativeTarget;
			buildConfigurationList = B2ABD8A9194ADB1500EF2EC6 /* Build configuration list for PBXNativeTarget "YJLExamTests" */;
			buildPhases = (
				B2ABD893194ADB1500EF2EC6 /* Sources */,
				B2ABD894194ADB1500EF2EC6 /* Frameworks */,
				B2ABD895194ADB1500EF2EC6 /* Resources */,
			);
			buildRules = (
			);
			dependencies = (
				B2ABD89C194ADB1500EF2EC6 /* PBXTargetDependency */,
			);
			name = YJLExamTests;
			productName = YJLExamTests;
			productReference = B2ABD897194ADB1500EF2EC6 /* YJLExamTests.xctest */;
			productType = "com.apple.product-type.bundle.unit-test";
		};
/* End PBXNativeTarget section */

/* Begin PBXProject section */
		B21FA2EE19386EEE00E8465D /* Project object */ = {
			isa = PBXProject;
			attributes = {
				LastUpgradeCheck = 0510;
				ORGANIZATIONNAME = "钟园园";
				TargetAttributes = {
					B21FA31619386EEE00E8465D = {
						TestTargetID = B21FA2F519386EEE00E8465D;
					};
					B21FA33E19386F0100E8465D = {
						TestTargetID = B21FA2F519386EEE00E8465D;
					};
					B2ABD896194ADB1500EF2EC6 = {
						TestTargetID = B21FA2F519386EEE00E8465D;
					};
				};
			};
			buildConfigurationList = B21FA2F119386EEE00E8465D /* Build configuration list for PBXProject "testYJLUIKit" */;
			compatibilityVersion = "Xcode 3.2";
			developmentRegion = English;
			hasScannedForEncodings = 0;
			knownRegions = (
				en,
				Base,
			);
			mainGroup = B21FA2ED19386EEE00E8465D;
			productRefGroup = B21FA2F719386EEE00E8465D /* Products */;
			projectDirPath = "";
			projectRoot = "";
			targets = (
				B21FA2F519386EEE00E8465D /* testYJLUIKit */,
				B21FA31619386EEE00E8465D /* testYJLUIKitTests */,
				B21FA33119386F0000E8465D /* YJLUIKit */,
				B21FA33E19386F0100E8465D /* YJLUIKitTests */,
				B2ABD889194ADB1500EF2EC6 /* YJLExam */,
				B2ABD896194ADB1500EF2EC6 /* YJLExamTests */,
			);
		};
/* End PBXProject section */

/* Begin PBXResourcesBuildPhase section */
		B21FA2F419386EEE00E8465D /* Resources */ = {
			isa = PBXResourcesBuildPhase;
			buildActionMask = 2147483647;
			files = (
				9C988CCA199A5513008F82E3 /* pic_tab3_default.png in Resources */,
				9C988CCC199A5513008F82E3 /* pic_tab4_default.png in Resources */,
				9C988CC4199A5513008F82E3 /* btn_segment3_default.png in Resources */,
				B21FA31219386EEE00E8465D /* Images.xcassets in Resources */,
				9C988CC5199A5513008F82E3 /* btn_segment3_select.png in Resources */,
				CE5D809819F7ED28003EDE27 /* YJLProgreeView.qml in Resources */,
				9C988CC8199A5513008F82E3 /* pic_tab2_default.png in Resources */,
				9C988CC9199A5513008F82E3 /* pic_tab2_select.png in Resources */,
				9C988CCB199A5513008F82E3 /* pic_tab3_select.png in Resources */,
				B21FA30419386EEE00E8465D /* InfoPlist.strings in Resources */,
				9C988CC6199A5513008F82E3 /* pic_tab1_default.png in Resources */,
				9C988CC7199A5513008F82E3 /* pic_tab1_select.png in Resources */,
				9C988CCD199A5513008F82E3 /* pic_tab4_select.png in Resources */,
				CE6EA22A19F75749008D2105 /* QMLItem.qml in Resources */,
				CE4EBE6E19E2EC9000D9B34A /* btn_brightness_select.png in Resources */,
				9C988CC0199A5513008F82E3 /* btn_segment1_default.png in Resources */,
				B2012A3D19388D3D005D52F7 /* readme.txt in Resources */,
				9C988CC1199A5513008F82E3 /* btn_segment1_select.png in Resources */,
				9C988CC3199A5513008F82E3 /* btn_segment2_select.png in Resources */,
				9C988CC2199A5513008F82E3 /* btn_segment2_default.png in Resources */,
				CE4EBE6D19E2EC9000D9B34A /* btn_brightness_default.png in Resources */,
			);
			runOnlyForDeploymentPostprocessing = 0;
		};
		B21FA31519386EEE00E8465D /* Resources */ = {
			isa = PBXResourcesBuildPhase;
			buildActionMask = 2147483647;
			files = (
				B21FA32319386EEE00E8465D /* InfoPlist.strings in Resources */,
			);
			runOnlyForDeploymentPostprocessing = 0;
		};
		B21FA33D19386F0100E8465D /* Resources */ = {
			isa = PBXResourcesBuildPhase;
			buildActionMask = 2147483647;
			files = (
				B21FA34B19386F0100E8465D /* InfoPlist.strings in Resources */,
			);
			runOnlyForDeploymentPostprocessing = 0;
		};
		B2ABD895194ADB1500EF2EC6 /* Resources */ = {
			isa = PBXResourcesBuildPhase;
			buildActionMask = 2147483647;
			files = (
				B2ABD8A3194ADB1500EF2EC6 /* InfoPlist.strings in Resources */,
			);
			runOnlyForDeploymentPostprocessing = 0;
		};
/* End PBXResourcesBuildPhase section */

/* Begin PBXSourcesBuildPhase section */
		B21FA2F219386EEE00E8465D /* Sources */ = {
			isa = PBXSourcesBuildPhase;
			buildActionMask = 2147483647;
			files = (
				CEE68A361A0F6ACF00C081C2 /* YJLContentView.m in Sources */,
				CEE68A2E1A0F6ACF00C081C2 /* YJLImageView.m in Sources */,
				9C30069D196540A200A95B4C /* YJLQuestionView.m in Sources */,
				CEE68A521A0F6ACF00C081C2 /* QMLSlider.m in Sources */,
				CEE68A441A0F6ACF00C081C2 /* YJLTextObj.m in Sources */,
				CEE68A2C1A0F6ACF00C081C2 /* QMLShapeLayer.m in Sources */,
				B2ABD8B2194ADD0E00EF2EC6 /* YJLQuestionHandle.m in Sources */,
				CEE68A381A0F6ACF00C081C2 /* QMLStatusImageView.m in Sources */,
				9C4F3659197BC11D00C4B403 /* TestYJLADControl.m in Sources */,
				9C988CD0199A553A008F82E3 /* TestSegViewController.m in Sources */,
				CEE68A321A0F6ACF00C081C2 /* YJLView.m in Sources */,
				9CC51A0A196277EB000877FA /* TestProgressViewViewController.m in Sources */,
				CE4EBE5919E2DFF300D9B34A /* QMLSliderViewController.m in Sources */,
				9C300697196539C500A95B4C /* YJLOptionView.m in Sources */,
				B21FA31019386EEE00E8465D /* ViewController.m in Sources */,
				CEE68A4E1A0F6ACF00C081C2 /* QMLSegmentControl.m in Sources */,
				CEE68A4A1A0F6ACF00C081C2 /* YJLRefView.m in Sources */,
				9C2DEFBD19631530005C6F56 /* TestRefurbishView.m in Sources */,
				CEE68A341A0F6ACF00C081C2 /* YJLViewController.m in Sources */,
				B21FA30A19386EEE00E8465D /* AppDelegate.m in Sources */,
				CEE68A461A0F6ACF00C081C2 /* YJLProgreeView.m in Sources */,
				CEE68A501A0F6ACF00C081C2 /* YJLSelectView.m in Sources */,
				CEE68A301A0F6ACF00C081C2 /* YJLObject.m in Sources */,
				CEE68A481A0F6ACF00C081C2 /* YJLRefurbishView.m in Sources */,
				CEE68A4C1A0F6ACF00C081C2 /* QMLSegItem.m in Sources */,
				CEE68A3A1A0F6ACF00C081C2 /* QMLTouchImageView.m in Sources */,
				B21FA30619386EEE00E8465D /* main.m in Sources */,
				B2ABD8AE194ADB7E00EF2EC6 /* YJLQuestion.m in Sources */,
				9C2DEFC41963C487005C6F56 /* TestYJLRefView.m in Sources */,
				CEBED37719C2D535000F7905 /* TestNetLayerViewController.m in Sources */,
				CEE68A2A1A0F6ACF00C081C2 /* YJLADControl.m in Sources */,
				CEE68A3C1A0F6ACF00C081C2 /* YJLDrawLabel.m in Sources */,
				CEE68A421A0F6ACF00C081C2 /* QMLLayoutFunction.m in Sources */,
				CEE68A401A0F6ACF00C081C2 /* QMLNetGraphicsLayer.m in Sources */,
				B2FAC52B195C16810022C4C9 /* TestSelectViewViewController.m in Sources */,
				CEE68A541A0F6ACF00C081C2 /* YJLUIKit.m in Sources */,
				CEE68A3E1A0F6ACF00C081C2 /* YJLScrollLabel.m in Sources */,
			);
			runOnlyForDeploymentPostprocessing = 0;
		};
		B21FA31319386EEE00E8465D /* Sources */ = {
			isa = PBXSourcesBuildPhase;
			buildActionMask = 2147483647;
			files = (
				B21FA32519386EEE00E8465D /* testYJLUIKitTests.m in Sources */,
			);
			runOnlyForDeploymentPostprocessing = 0;
		};
		B21FA32E19386F0000E8465D /* Sources */ = {
			isa = PBXSourcesBuildPhase;
			buildActionMask = 2147483647;
			files = (
				CEE68A551A0F6ACF00C081C2 /* YJLUIKit.m in Sources */,
				CEE68A511A0F6ACF00C081C2 /* YJLSelectView.m in Sources */,
				CEE68A431A0F6ACF00C081C2 /* QMLLayoutFunction.m in Sources */,
				CEE68A491A0F6ACF00C081C2 /* YJLRefurbishView.m in Sources */,
				CEE68A351A0F6ACF00C081C2 /* YJLViewController.m in Sources */,
				CEE68A4D1A0F6ACF00C081C2 /* QMLSegItem.m in Sources */,
				CEE68A471A0F6ACF00C081C2 /* YJLProgreeView.m in Sources */,
				CEE68A311A0F6ACF00C081C2 /* YJLObject.m in Sources */,
				CEE68A331A0F6ACF00C081C2 /* YJLView.m in Sources */,
				CEE68A411A0F6ACF00C081C2 /* QMLNetGraphicsLayer.m in Sources */,
				CEE68A531A0F6ACF00C081C2 /* QMLSlider.m in Sources */,
				CEE68A3F1A0F6ACF00C081C2 /* YJLScrollLabel.m in Sources */,
				CEE68A391A0F6ACF00C081C2 /* QMLStatusImageView.m in Sources */,
				CEE68A371A0F6ACF00C081C2 /* YJLContentView.m in Sources */,
				CEE68A3B1A0F6ACF00C081C2 /* QMLTouchImageView.m in Sources */,
				CEE68A2F1A0F6ACF00C081C2 /* YJLImageView.m in Sources */,
				CEE68A451A0F6ACF00C081C2 /* YJLTextObj.m in Sources */,
				CEE68A2D1A0F6ACF00C081C2 /* QMLShapeLayer.m in Sources */,
				CEE68A3D1A0F6ACF00C081C2 /* YJLDrawLabel.m in Sources */,
				CEE68A4B1A0F6ACF00C081C2 /* YJLRefView.m in Sources */,
				CEE68A2B1A0F6ACF00C081C2 /* YJLADControl.m in Sources */,
				CEE68A4F1A0F6ACF00C081C2 /* QMLSegmentControl.m in Sources */,
			);
			runOnlyForDeploymentPostprocessing = 0;
		};
		B21FA33B19386F0100E8465D /* Sources */ = {
			isa = PBXSourcesBuildPhase;
			buildActionMask = 2147483647;
			files = (
				B21FA34D19386F0100E8465D /* YJLUIKitTests.m in Sources */,
			);
			runOnlyForDeploymentPostprocessing = 0;
		};
		B2ABD886194ADB1500EF2EC6 /* Sources */ = {
			isa = PBXSourcesBuildPhase;
			buildActionMask = 2147483647;
			files = (
				B2ABD8B3194ADD0E00EF2EC6 /* YJLQuestionHandle.m in Sources */,
				9C30069E196540A200A95B4C /* YJLQuestionView.m in Sources */,
				9C300698196539C500A95B4C /* YJLOptionView.m in Sources */,
				B2ABD892194ADB1500EF2EC6 /* YJLExam.m in Sources */,
				B2ABD8AF194ADB7E00EF2EC6 /* YJLQuestion.m in Sources */,
			);
			runOnlyForDeploymentPostprocessing = 0;
		};
		B2ABD893194ADB1500EF2EC6 /* Sources */ = {
			isa = PBXSourcesBuildPhase;
			buildActionMask = 2147483647;
			files = (
				B2ABD8A5194ADB1500EF2EC6 /* YJLExamTests.m in Sources */,
			);
			runOnlyForDeploymentPostprocessing = 0;
		};
/* End PBXSourcesBuildPhase section */

/* Begin PBXTargetDependency section */
		B21FA31D19386EEE00E8465D /* PBXTargetDependency */ = {
			isa = PBXTargetDependency;
			target = B21FA2F519386EEE00E8465D /* testYJLUIKit */;
			targetProxy = B21FA31C19386EEE00E8465D /* PBXContainerItemProxy */;
		};
		B21FA34419386F0100E8465D /* PBXTargetDependency */ = {
			isa = PBXTargetDependency;
			target = B21FA33119386F0000E8465D /* YJLUIKit */;
			targetProxy = B21FA34319386F0100E8465D /* PBXContainerItemProxy */;
		};
		B2ABD89C194ADB1500EF2EC6 /* PBXTargetDependency */ = {
			isa = PBXTargetDependency;
			target = B2ABD889194ADB1500EF2EC6 /* YJLExam */;
			targetProxy = B2ABD89B194ADB1500EF2EC6 /* PBXContainerItemProxy */;
		};
/* End PBXTargetDependency section */

/* Begin PBXVariantGroup section */
		B21FA30219386EEE00E8465D /* InfoPlist.strings */ = {
			isa = PBXVariantGroup;
			children = (
				B21FA30319386EEE00E8465D /* en */,
			);
			name = InfoPlist.strings;
			sourceTree = "<group>";
		};
		B21FA32119386EEE00E8465D /* InfoPlist.strings */ = {
			isa = PBXVariantGroup;
			children = (
				B21FA32219386EEE00E8465D /* en */,
			);
			name = InfoPlist.strings;
			sourceTree = "<group>";
		};
		B21FA34919386F0100E8465D /* InfoPlist.strings */ = {
			isa = PBXVariantGroup;
			children = (
				B21FA34A19386F0100E8465D /* en */,
			);
			name = InfoPlist.strings;
			sourceTree = "<group>";
		};
		B2ABD8A1194ADB1500EF2EC6 /* InfoPlist.strings */ = {
			isa = PBXVariantGroup;
			children = (
				B2ABD8A2194ADB1500EF2EC6 /* en */,
			);
			name = InfoPlist.strings;
			sourceTree = "<group>";
		};
/* End PBXVariantGroup section */

/* Begin XCBuildConfiguration section */
		B21FA32619386EEE00E8465D /* Debug */ = {
			isa = XCBuildConfiguration;
			buildSettings = {
				ALWAYS_SEARCH_USER_PATHS = NO;
				CLANG_CXX_LANGUAGE_STANDARD = "gnu++0x";
				CLANG_CXX_LIBRARY = "libc++";
				CLANG_ENABLE_MODULES = YES;
				CLANG_ENABLE_OBJC_ARC = NO;
				CLANG_WARN_BOOL_CONVERSION = YES;
				CLANG_WARN_CONSTANT_CONVERSION = YES;
				CLANG_WARN_DIRECT_OBJC_ISA_USAGE = YES_ERROR;
				CLANG_WARN_EMPTY_BODY = YES;
				CLANG_WARN_ENUM_CONVERSION = YES;
				CLANG_WARN_INT_CONVERSION = YES;
				CLANG_WARN_OBJC_ROOT_CLASS = YES_ERROR;
				CLANG_WARN__DUPLICATE_METHOD_MATCH = YES;
				CODE_SIGN_IDENTITY = "iPhone Developer: Liu Kang (RHL8F59F4Y)";
				"CODE_SIGN_IDENTITY[sdk=iphoneos*]" = "iPhone Developer: Liu Kang (RHL8F59F4Y)";
				COPY_PHASE_STRIP = NO;
				GCC_C_LANGUAGE_STANDARD = gnu99;
				GCC_DYNAMIC_NO_PIC = NO;
				GCC_OPTIMIZATION_LEVEL = 0;
				GCC_PREPROCESSOR_DEFINITIONS = (
					"DEBUG=1",
					"$(inherited)",
				);
				GCC_SYMBOLS_PRIVATE_EXTERN = NO;
				GCC_WARN_64_TO_32_BIT_CONVERSION = YES;
				GCC_WARN_ABOUT_RETURN_TYPE = YES_ERROR;
				GCC_WARN_UNDECLARED_SELECTOR = YES;
				GCC_WARN_UNINITIALIZED_AUTOS = YES_AGGRESSIVE;
				GCC_WARN_UNUSED_FUNCTION = YES;
				GCC_WARN_UNUSED_VARIABLE = YES;
				IPHONEOS_DEPLOYMENT_TARGET = 5.0;
				ONLY_ACTIVE_ARCH = YES;
				PROVISIONING_PROFILE = "ab767c90-dba8-4ceb-9cb6-8979da23b98a";
				SDKROOT = iphoneos;
			};
			name = Debug;
		};
		B21FA32719386EEE00E8465D /* Release */ = {
			isa = XCBuildConfiguration;
			buildSettings = {
				ALWAYS_SEARCH_USER_PATHS = NO;
				CLANG_CXX_LANGUAGE_STANDARD = "gnu++0x";
				CLANG_CXX_LIBRARY = "libc++";
				CLANG_ENABLE_MODULES = YES;
				CLANG_ENABLE_OBJC_ARC = NO;
				CLANG_WARN_BOOL_CONVERSION = YES;
				CLANG_WARN_CONSTANT_CONVERSION = YES;
				CLANG_WARN_DIRECT_OBJC_ISA_USAGE = YES_ERROR;
				CLANG_WARN_EMPTY_BODY = YES;
				CLANG_WARN_ENUM_CONVERSION = YES;
				CLANG_WARN_INT_CONVERSION = YES;
				CLANG_WARN_OBJC_ROOT_CLASS = YES_ERROR;
				CLANG_WARN__DUPLICATE_METHOD_MATCH = YES;
				CODE_SIGN_IDENTITY = "iPhone Developer: Liu Kang (RHL8F59F4Y)";
				"CODE_SIGN_IDENTITY[sdk=iphoneos*]" = "iPhone Developer: Liu Kang (RHL8F59F4Y)";
				COPY_PHASE_STRIP = YES;
				ENABLE_NS_ASSERTIONS = NO;
				GCC_C_LANGUAGE_STANDARD = gnu99;
				GCC_WARN_64_TO_32_BIT_CONVERSION = YES;
				GCC_WARN_ABOUT_RETURN_TYPE = YES_ERROR;
				GCC_WARN_UNDECLARED_SELECTOR = YES;
				GCC_WARN_UNINITIALIZED_AUTOS = YES_AGGRESSIVE;
				GCC_WARN_UNUSED_FUNCTION = YES;
				GCC_WARN_UNUSED_VARIABLE = YES;
				IPHONEOS_DEPLOYMENT_TARGET = 5.0;
				PROVISIONING_PROFILE = "ab767c90-dba8-4ceb-9cb6-8979da23b98a";
				SDKROOT = iphoneos;
				VALIDATE_PRODUCT = YES;
			};
			name = Release;
		};
		B21FA32919386EEE00E8465D /* Debug */ = {
			isa = XCBuildConfiguration;
			buildSettings = {
				ASSETCATALOG_COMPILER_APPICON_NAME = AppIcon;
				ASSETCATALOG_COMPILER_LAUNCHIMAGE_NAME = LaunchImage;
				CLANG_ENABLE_MODULES = YES;
				CODE_SIGN_IDENTITY = "iPhone Developer: Liu Kang (RHL8F59F4Y)";
				GCC_PRECOMPILE_PREFIX_HEADER = YES;
				GCC_PREFIX_HEADER = "testYJLUIKit/testYJLUIKit-Prefix.pch";
				INFOPLIST_FILE = "testYJLUIKit/testYJLUIKit-Info.plist";
				LD_RUNPATH_SEARCH_PATHS = "$(inherited) @executable_path/Frameworks";
				PRODUCT_NAME = "$(TARGET_NAME)";
				PROVISIONING_PROFILE = "ab767c90-dba8-4ceb-9cb6-8979da23b98a";
				SWIFT_OBJC_BRIDGING_HEADER = "testYJLUIKit/testYJLUIKit-Bridging-Header.h";
				SWIFT_OPTIMIZATION_LEVEL = "-Onone";
				WRAPPER_EXTENSION = app;
			};
			name = Debug;
		};
		B21FA32A19386EEE00E8465D /* Release */ = {
			isa = XCBuildConfiguration;
			buildSettings = {
				ASSETCATALOG_COMPILER_APPICON_NAME = AppIcon;
				ASSETCATALOG_COMPILER_LAUNCHIMAGE_NAME = LaunchImage;
				CLANG_ENABLE_MODULES = YES;
				CODE_SIGN_IDENTITY = "iPhone Developer: Liu Kang (RHL8F59F4Y)";
				"CODE_SIGN_IDENTITY[sdk=iphoneos*]" = "iPhone Developer: Liu Kang (RHL8F59F4Y)";
				GCC_PRECOMPILE_PREFIX_HEADER = YES;
				GCC_PREFIX_HEADER = "testYJLUIKit/testYJLUIKit-Prefix.pch";
				INFOPLIST_FILE = "testYJLUIKit/testYJLUIKit-Info.plist";
				LD_RUNPATH_SEARCH_PATHS = "$(inherited) @executable_path/Frameworks";
				PRODUCT_NAME = "$(TARGET_NAME)";
				PROVISIONING_PROFILE = "ab767c90-dba8-4ceb-9cb6-8979da23b98a";
				SWIFT_OBJC_BRIDGING_HEADER = "testYJLUIKit/testYJLUIKit-Bridging-Header.h";
				WRAPPER_EXTENSION = app;
			};
			name = Release;
		};
		B21FA32C19386EEE00E8465D /* Debug */ = {
			isa = XCBuildConfiguration;
			buildSettings = {
				BUNDLE_LOADER = "$(BUILT_PRODUCTS_DIR)/testYJLUIKit.app/testYJLUIKit";
				FRAMEWORK_SEARCH_PATHS = (
					"$(SDKROOT)/Developer/Library/Frameworks",
					"$(inherited)",
					"$(DEVELOPER_FRAMEWORKS_DIR)",
				);
				GCC_PRECOMPILE_PREFIX_HEADER = YES;
				GCC_PREFIX_HEADER = "testYJLUIKit/testYJLUIKit-Prefix.pch";
				GCC_PREPROCESSOR_DEFINITIONS = (
					"DEBUG=1",
					"$(inherited)",
				);
				INFOPLIST_FILE = "testYJLUIKitTests/testYJLUIKitTests-Info.plist";
				PRODUCT_NAME = "$(TARGET_NAME)";
				TEST_HOST = "$(BUNDLE_LOADER)";
				WRAPPER_EXTENSION = xctest;
			};
			name = Debug;
		};
		B21FA32D19386EEE00E8465D /* Release */ = {
			isa = XCBuildConfiguration;
			buildSettings = {
				BUNDLE_LOADER = "$(BUILT_PRODUCTS_DIR)/testYJLUIKit.app/testYJLUIKit";
				FRAMEWORK_SEARCH_PATHS = (
					"$(SDKROOT)/Developer/Library/Frameworks",
					"$(inherited)",
					"$(DEVELOPER_FRAMEWORKS_DIR)",
				);
				GCC_PRECOMPILE_PREFIX_HEADER = YES;
				GCC_PREFIX_HEADER = "testYJLUIKit/testYJLUIKit-Prefix.pch";
				INFOPLIST_FILE = "testYJLUIKitTests/testYJLUIKitTests-Info.plist";
				PRODUCT_NAME = "$(TARGET_NAME)";
				TEST_HOST = "$(BUNDLE_LOADER)";
				WRAPPER_EXTENSION = xctest;
			};
			name = Release;
		};
		B21FA34F19386F0100E8465D /* Debug */ = {
			isa = XCBuildConfiguration;
			buildSettings = {
				CLANG_ENABLE_OBJC_ARC = NO;
				DSTROOT = /tmp/YJLUIKit.dst;
				GCC_PRECOMPILE_PREFIX_HEADER = YES;
				GCC_PREFIX_HEADER = "YJLUIKit/YJLUIKit-Prefix.pch";
				GCC_PREPROCESSOR_DEFINITIONS = (
					"DEBUG=1",
					"$(inherited)",
				);
				OTHER_LDFLAGS = "-ObjC";
				PRODUCT_NAME = "$(TARGET_NAME)";
				SKIP_INSTALL = YES;
			};
			name = Debug;
		};
		B21FA35019386F0100E8465D /* Release */ = {
			isa = XCBuildConfiguration;
			buildSettings = {
				CLANG_ENABLE_OBJC_ARC = NO;
				DSTROOT = /tmp/YJLUIKit.dst;
				GCC_PRECOMPILE_PREFIX_HEADER = YES;
				GCC_PREFIX_HEADER = "YJLUIKit/YJLUIKit-Prefix.pch";
				OTHER_LDFLAGS = "-ObjC";
				PRODUCT_NAME = "$(TARGET_NAME)";
				SKIP_INSTALL = YES;
			};
			name = Release;
		};
		B21FA35219386F0100E8465D /* Debug */ = {
			isa = XCBuildConfiguration;
			buildSettings = {
				BUNDLE_LOADER = "$(BUILT_PRODUCTS_DIR)/testYJLUIKit.app/testYJLUIKit";
				FRAMEWORK_SEARCH_PATHS = (
					"$(SDKROOT)/Developer/Library/Frameworks",
					"$(inherited)",
					"$(DEVELOPER_FRAMEWORKS_DIR)",
				);
				GCC_PRECOMPILE_PREFIX_HEADER = YES;
				GCC_PREFIX_HEADER = "YJLUIKit/YJLUIKit-Prefix.pch";
				GCC_PREPROCESSOR_DEFINITIONS = (
					"DEBUG=1",
					"$(inherited)",
				);
				INFOPLIST_FILE = "YJLUIKitTests/YJLUIKitTests-Info.plist";
				PRODUCT_NAME = "$(TARGET_NAME)";
				TEST_HOST = "$(BUNDLE_LOADER)";
				WRAPPER_EXTENSION = xctest;
			};
			name = Debug;
		};
		B21FA35319386F0100E8465D /* Release */ = {
			isa = XCBuildConfiguration;
			buildSettings = {
				BUNDLE_LOADER = "$(BUILT_PRODUCTS_DIR)/testYJLUIKit.app/testYJLUIKit";
				FRAMEWORK_SEARCH_PATHS = (
					"$(SDKROOT)/Developer/Library/Frameworks",
					"$(inherited)",
					"$(DEVELOPER_FRAMEWORKS_DIR)",
				);
				GCC_PRECOMPILE_PREFIX_HEADER = YES;
				GCC_PREFIX_HEADER = "YJLUIKit/YJLUIKit-Prefix.pch";
				INFOPLIST_FILE = "YJLUIKitTests/YJLUIKitTests-Info.plist";
				PRODUCT_NAME = "$(TARGET_NAME)";
				TEST_HOST = "$(BUNDLE_LOADER)";
				WRAPPER_EXTENSION = xctest;
			};
			name = Release;
		};
		B2ABD8A7194ADB1500EF2EC6 /* Debug */ = {
			isa = XCBuildConfiguration;
			buildSettings = {
				CLANG_ENABLE_MODULES = YES;
				CLANG_ENABLE_OBJC_ARC = NO;
				DSTROOT = /tmp/YJLExam.dst;
				GCC_PRECOMPILE_PREFIX_HEADER = YES;
				GCC_PREFIX_HEADER = "YJLExam/YJLExam-Prefix.pch";
				GCC_PREPROCESSOR_DEFINITIONS = (
					"DEBUG=1",
					"$(inherited)",
				);
				IPHONEOS_DEPLOYMENT_TARGET = 7.1;
				LD_RUNPATH_SEARCH_PATHS = "$(inherited) @executable_path/Frameworks @loader_path/Frameworks";
				OTHER_LDFLAGS = "-ObjC";
				PRODUCT_NAME = "$(TARGET_NAME)";
				SKIP_INSTALL = YES;
				SWIFT_OBJC_BRIDGING_HEADER = "YJLExam/YJLExam-Bridging-Header.h";
				SWIFT_OPTIMIZATION_LEVEL = "-Onone";
			};
			name = Debug;
		};
		B2ABD8A8194ADB1500EF2EC6 /* Release */ = {
			isa = XCBuildConfiguration;
			buildSettings = {
				CLANG_ENABLE_MODULES = YES;
				CLANG_ENABLE_OBJC_ARC = NO;
				DSTROOT = /tmp/YJLExam.dst;
				GCC_PRECOMPILE_PREFIX_HEADER = YES;
				GCC_PREFIX_HEADER = "YJLExam/YJLExam-Prefix.pch";
				IPHONEOS_DEPLOYMENT_TARGET = 7.1;
				LD_RUNPATH_SEARCH_PATHS = "$(inherited) @executable_path/Frameworks @loader_path/Frameworks";
				OTHER_LDFLAGS = "-ObjC";
				PRODUCT_NAME = "$(TARGET_NAME)";
				SKIP_INSTALL = YES;
				SWIFT_OBJC_BRIDGING_HEADER = "YJLExam/YJLExam-Bridging-Header.h";
			};
			name = Release;
		};
		B2ABD8AA194ADB1500EF2EC6 /* Debug */ = {
			isa = XCBuildConfiguration;
			buildSettings = {
				BUNDLE_LOADER = "$(BUILT_PRODUCTS_DIR)/testYJLUIKit.app/testYJLUIKit";
				CLANG_ENABLE_OBJC_ARC = YES;
				FRAMEWORK_SEARCH_PATHS = (
					"$(SDKROOT)/Developer/Library/Frameworks",
					"$(inherited)",
					"$(DEVELOPER_FRAMEWORKS_DIR)",
				);
				GCC_PRECOMPILE_PREFIX_HEADER = YES;
				GCC_PREFIX_HEADER = "YJLExam/YJLExam-Prefix.pch";
				GCC_PREPROCESSOR_DEFINITIONS = (
					"DEBUG=1",
					"$(inherited)",
				);
				INFOPLIST_FILE = "YJLExamTests/YJLExamTests-Info.plist";
				IPHONEOS_DEPLOYMENT_TARGET = 7.1;
				PRODUCT_NAME = "$(TARGET_NAME)";
				TEST_HOST = "$(BUNDLE_LOADER)";
				WRAPPER_EXTENSION = xctest;
			};
			name = Debug;
		};
		B2ABD8AB194ADB1500EF2EC6 /* Release */ = {
			isa = XCBuildConfiguration;
			buildSettings = {
				BUNDLE_LOADER = "$(BUILT_PRODUCTS_DIR)/testYJLUIKit.app/testYJLUIKit";
				CLANG_ENABLE_OBJC_ARC = YES;
				FRAMEWORK_SEARCH_PATHS = (
					"$(SDKROOT)/Developer/Library/Frameworks",
					"$(inherited)",
					"$(DEVELOPER_FRAMEWORKS_DIR)",
				);
				GCC_PRECOMPILE_PREFIX_HEADER = YES;
				GCC_PREFIX_HEADER = "YJLExam/YJLExam-Prefix.pch";
				INFOPLIST_FILE = "YJLExamTests/YJLExamTests-Info.plist";
				IPHONEOS_DEPLOYMENT_TARGET = 7.1;
				PRODUCT_NAME = "$(TARGET_NAME)";
				TEST_HOST = "$(BUNDLE_LOADER)";
				WRAPPER_EXTENSION = xctest;
			};
			name = Release;
		};
/* End XCBuildConfiguration section */

/* Begin XCConfigurationList section */
		B21FA2F119386EEE00E8465D /* Build configuration list for PBXProject "testYJLUIKit" */ = {
			isa = XCConfigurationList;
			buildConfigurations = (
				B21FA32619386EEE00E8465D /* Debug */,
				B21FA32719386EEE00E8465D /* Release */,
			);
			defaultConfigurationIsVisible = 0;
			defaultConfigurationName = Release;
		};
		B21FA32819386EEE00E8465D /* Build configuration list for PBXNativeTarget "testYJLUIKit" */ = {
			isa = XCConfigurationList;
			buildConfigurations = (
				B21FA32919386EEE00E8465D /* Debug */,
				B21FA32A19386EEE00E8465D /* Release */,
			);
			defaultConfigurationIsVisible = 0;
			defaultConfigurationName = Release;
		};
		B21FA32B19386EEE00E8465D /* Build configuration list for PBXNativeTarget "testYJLUIKitTests" */ = {
			isa = XCConfigurationList;
			buildConfigurations = (
				B21FA32C19386EEE00E8465D /* Debug */,
				B21FA32D19386EEE00E8465D /* Release */,
			);
			defaultConfigurationIsVisible = 0;
			defaultConfigurationName = Release;
		};
		B21FA34E19386F0100E8465D /* Build configuration list for PBXNativeTarget "YJLUIKit" */ = {
			isa = XCConfigurationList;
			buildConfigurations = (
				B21FA34F19386F0100E8465D /* Debug */,
				B21FA35019386F0100E8465D /* Release */,
			);
			defaultConfigurationIsVisible = 0;
			defaultConfigurationName = Release;
		};
		B21FA35119386F0100E8465D /* Build configuration list for PBXNativeTarget "YJLUIKitTests" */ = {
			isa = XCConfigurationList;
			buildConfigurations = (
				B21FA35219386F0100E8465D /* Debug */,
				B21FA35319386F0100E8465D /* Release */,
			);
			defaultConfigurationIsVisible = 0;
			defaultConfigurationName = Release;
		};
		B2ABD8A6194ADB1500EF2EC6 /* Build configuration list for PBXNativeTarget "YJLExam" */ = {
			isa = XCConfigurationList;
			buildConfigurations = (
				B2ABD8A7194ADB1500EF2EC6 /* Debug */,
				B2ABD8A8194ADB1500EF2EC6 /* Release */,
			);
			defaultConfigurationIsVisible = 0;
			defaultConfigurationName = Release;
		};
		B2ABD8A9194ADB1500EF2EC6 /* Build configuration list for PBXNativeTarget "YJLExamTests" */ = {
			isa = XCConfigurationList;
			buildConfigurations = (
				B2ABD8AA194ADB1500EF2EC6 /* Debug */,
				B2ABD8AB194ADB1500EF2EC6 /* Release */,
			);
			defaultConfigurationIsVisible = 0;
			defaultConfigurationName = Release;
		};
/* End XCConfigurationList section */
	};
	rootObject = B21FA2EE19386EEE00E8465D /* Project object */;
}
